// !$*UTF8*$!
{
	archiveVersion = 1;
	classes = {
	};
	objectVersion = 46;
	objects = {

/* Begin PBXBuildFile section */
		F20D64511A76136200D00B9B /* main.m in Sources */ = {isa = PBXBuildFile; fileRef = F20D64501A76136200D00B9B /* main.m */; };
		F20D64541A76136200D00B9B /* AppDelegate.m in Sources */ = {isa = PBXBuildFile; fileRef = F20D64531A76136200D00B9B /* AppDelegate.m */; };
		F20D64571A76136200D00B9B /* ViewController.m in Sources */ = {isa = PBXBuildFile; fileRef = F20D64561A76136200D00B9B /* ViewController.m */; };
		F20D645A1A76136200D00B9B /* Main.storyboard in Resources */ = {isa = PBXBuildFile; fileRef = F20D64581A76136200D00B9B /* Main.storyboard */; };
		F20D645C1A76136200D00B9B /* Images.xcassets in Resources */ = {isa = PBXBuildFile; fileRef = F20D645B1A76136200D00B9B /* Images.xcassets */; };
		F20D645F1A76136200D00B9B /* LaunchScreen.xib in Resources */ = {isa = PBXBuildFile; fileRef = F20D645D1A76136200D00B9B /* LaunchScreen.xib */; };
		F20D646B1A76136200D00B9B /* ViewTransitionTutorialTests.m in Sources */ = {isa = PBXBuildFile; fileRef = F20D646A1A76136200D00B9B /* ViewTransitionTutorialTests.m */; };
/* End PBXBuildFile section */

/* Begin PBXContainerItemProxy section */
		F20D64651A76136200D00B9B /* PBXContainerItemProxy */ = {
			isa = PBXContainerItemProxy;
			containerPortal = F20D64431A76136200D00B9B /* Project object */;
			proxyType = 1;
			remoteGlobalIDString = F20D644A1A76136200D00B9B;
			remoteInfo = ViewTransitionTutorial;
		};
/* End PBXContainerItemProxy section */

/* Begin PBXFileReference section */
		F20D644B1A76136200D00B9B /* ViewTransitionTutorial.app */ = {isa = PBXFileReference; explicitFileType = wrapper.application; includeInIndex = 0; path = ViewTransitionTutorial.app; sourceTree = BUILT_PRODUCTS_DIR; };
		F20D644F1A76136200D00B9B /* Info.plist */ = {isa = PBXFileReference; lastKnownFileType = text.plist.xml; path = Info.plist; sourceTree = "<group>"; };
		F20D64501A76136200D00B9B /* main.m */ = {isa = PBXFileReference; lastKnownFileType = sourcecode.c.objc; path = main.m; sourceTree = "<group>"; };
		F20D64521A76136200D00B9B /* AppDelegate.h */ = {isa = PBXFileReference; lastKnownFileType = sourcecode.c.h; path = AppDelegate.h; sourceTree = "<group>"; };
		F20D64531A76136200D00B9B /* AppDelegate.m */ = {isa = PBXFileReference; lastKnownFileType = sourcecode.c.objc; path = AppDelegate.m; sourceTree = "<group>"; };
		F20D64551A76136200D00B9B /* ViewController.h */ = {isa = PBXFileReference; lastKnownFileType = sourcecode.c.h; path = ViewController.h; sourceTree = "<group>"; };
		F20D64561A76136200D00B9B /* ViewController.m */ = {isa = PBXFileReference; lastKnownFileType = sourcecode.c.objc; path = ViewController.m; sourceTree = "<group>"; };
		F20D64591A76136200D00B9B /* Base */ = {isa = PBXFileReference; lastKnownFileType = file.storyboard; name = Base; path = Base.lproj/Main.storyboard; sourceTree = "<group>"; };
		F20D645B1A76136200D00B9B /* Images.xcassets */ = {isa = PBXFileReference; lastKnownFileType = folder.assetcatalog; path = Images.xcassets; sourceTree = "<group>"; };
		F20D645E1A76136200D00B9B /* Base */ = {isa = PBXFileReference; lastKnownFileType = file.xib; name = Base; path = Base.lproj/LaunchScreen.xib; sourceTree = "<group>"; };
		F20D64641A76136200D00B9B /* ViewTransitionTutorialTests.xctest */ = {isa = PBXFileReference; explicitFileType = wrapper.cfbundle; includeInIndex = 0; path = ViewTransitionTutorialTests.xctest; sourceTree = BUILT_PRODUCTS_DIR; };
		F20D64691A76136200D00B9B /* Info.plist */ = {isa = PBXFileReference; lastKnownFileType = text.plist.xml; path = Info.plist; sourceTree = "<group>"; };
		F20D646A1A76136200D00B9B /* ViewTransitionTutorialTests.m */ = {isa = PBXFileReference; lastKnownFileType = sourcecode.c.objc; path = ViewTransitionTutorialTests.m; sourceTree = "<group>"; };
/* End PBXFileReference section */

/* Begin PBXFrameworksBuildPhase section */
		F20D64481A76136200D00B9B /* Frameworks */ = {
			isa = PBXFrameworksBuildPhase;
			buildActionMask = 2147483647;
			files = (
			);
			runOnlyForDeploymentPostprocessing = 0;
		};
		F20D64611A76136200D00B9B /* Frameworks */ = {
			isa = PBXFrameworksBuildPhase;
			buildActionMask = 2147483647;
			files = (
			);
			runOnlyForDeploymentPostprocessing = 0;
		};
/* End PBXFrameworksBuildPhase section */

/* Begin PBXGroup section */
		F20D64421A76136200D00B9B = {
			isa = PBXGroup;
			children = (
				F20D644D1A76136200D00B9B /* ViewTransitionTutorial */,
				F20D64671A76136200D00B9B /* ViewTransitionTutorialTests */,
				F20D644C1A76136200D00B9B /* Products */,
			);
			sourceTree = "<group>";
		};
		F20D644C1A76136200D00B9B /* Products */ = {
			isa = PBXGroup;
			children = (
				F20D644B1A76136200D00B9B /* ViewTransitionTutorial.app */,
				F20D64641A76136200D00B9B /* ViewTransitionTutorialTests.xctest */,
			);
			name = Products;
			sourceTree = "<group>";
		};
		F20D644D1A76136200D00B9B /* ViewTransitionTutorial */ = {
			isa = PBXGroup;
			children = (
				F20D64521A76136200D00B9B /* AppDelegate.h */,
				F20D64531A76136200D00B9B /* AppDelegate.m */,
				F20D64551A76136200D00B9B /* ViewController.h */,
				F20D64561A76136200D00B9B /* ViewController.m */,
				F20D64581A76136200D00B9B /* Main.storyboard */,
				F20D645B1A76136200D00B9B /* Images.xcassets */,
				F20D645D1A76136200D00B9B /* LaunchScreen.xib */,
				F20D644E1A76136200D00B9B /* Supporting Files */,
			);
			path = ViewTransitionTutorial;
			sourceTree = "<group>";
		};
		F20D644E1A76136200D00B9B /* Supporting Files */ = {
			isa = PBXGroup;
			children = (
				F20D644F1A76136200D00B9B /* Info.plist */,
				F20D64501A76136200D00B9B /* main.m */,
			);
			name = "Supporting Files";
			sourceTree = "<group>";
		};
		F20D64671A76136200D00B9B /* ViewTransitionTutorialTests */ = {
			isa = PBXGroup;
			children = (
				F20D646A1A76136200D00B9B /* ViewTransitionTutorialTests.m */,
				F20D64681A76136200D00B9B /* Supporting Files */,
			);
			path = ViewTransitionTutorialTests;
			sourceTree = "<group>";
		};
		F20D64681A76136200D00B9B /* Supporting Files */ = {
			isa = PBXGroup;
			children = (
				F20D64691A76136200D00B9B /* Info.plist */,
			);
			name = "Supporting Files";
			sourceTree = "<group>";
		};
/* End PBXGroup section */

/* Begin PBXNativeTarget section */
		F20D644A1A76136200D00B9B /* ViewTransitionTutorial */ = {
			isa = PBXNativeTarget;
			buildConfigurationList = F20D646E1A76136200D00B9B /* Build configuration list for PBXNativeTarget "ViewTransitionTutorial" */;
			buildPhases = (
				F20D64471A76136200D00B9B /* Sources */,
				F20D64481A76136200D00B9B /* Frameworks */,
				F20D64491A76136200D00B9B /* Resources */,
			);
			buildRules = (
			);
			dependencies = (
			);
			name = ViewTransitionTutorial;
			productName = ViewTransitionTutorial;
			productReference = F20D644B1A76136200D00B9B /* ViewTransitionTutorial.app */;
			productType = "com.apple.product-type.application";
		};
		F20D64631A76136200D00B9B /* ViewTransitionTutorialTests */ = {
			isa = PBXNativeTarget;
			buildConfigurationList = F20D64711A76136200D00B9B /* Build configuration list for PBXNativeTarget "ViewTransitionTutorialTests" */;
			buildPhases = (
				F20D64601A76136200D00B9B /* Sources */,
				F20D64611A76136200D00B9B /* Frameworks */,
				F20D64621A76136200D00B9B /* Resources */,
			);
			buildRules = (
			);
			dependencies = (
				F20D64661A76136200D00B9B /* PBXTargetDependency */,
			);
			name = ViewTransitionTutorialTests;
			productName = ViewTransitionTutorialTests;
			productReference = F20D64641A76136200D00B9B /* ViewTransitionTutorialTests.xctest */;
			productType = "com.apple.product-type.bundle.unit-test";
		};
/* End PBXNativeTarget section */

/* Begin PBXProject section */
		F20D64431A76136200D00B9B /* Project object */ = {
			isa = PBXProject;
			attributes = {
				LastUpgradeCheck = 0610;
				ORGANIZATIONNAME = "Vinita Miranda";
				TargetAttributes = {
					F20D644A1A76136200D00B9B = {
						CreatedOnToolsVersion = 6.1.1;
					};
					F20D64631A76136200D00B9B = {
						CreatedOnToolsVersion = 6.1.1;
						TestTargetID = F20D644A1A76136200D00B9B;
					};
				};
			};
			buildConfigurationList = F20D64461A76136200D00B9B /* Build configuration list for PBXProject "ViewTransitionTutorial" */;
			compatibilityVersion = "Xcode 3.2";
			developmentRegion = English;
			hasScannedForEncodings = 0;
			knownRegions = (
				en,
				Base,
			);
			mainGroup = F20D64421A76136200D00B9B;
			productRefGroup = F20D644C1A76136200D00B9B /* Products */;
			projectDirPath = "";
			projectRoot = "";
			targets = (
				F20D644A1A76136200D00B9B /* ViewTransitionTutorial */,
				F20D64631A76136200D00B9B /* ViewTransitionTutorialTests */,
			);
		};
/* End PBXProject section */

/* Begin PBXResourcesBuildPhase section */
		F20D64491A76136200D00B9B /* Resources */ = {
			isa = PBXResourcesBuildPhase;
			buildActionMask = 2147483647;
			files = (
				F20D645A1A76136200D00B9B /* Main.storyboard in Resources */,
				F20D645F1A76136200D00B9B /* LaunchScreen.xib in Resources */,
				F20D645C1A76136200D00B9B /* Images.xcassets in Resources */,
			);
			runOnlyForDeploymentPostprocessing = 0;
		};
		F20D64621A76136200D00B9B /* Resources */ = {
			isa = PBXResourcesBuildPhase;
			buildActionMask = 2147483647;
			files = (
			);
			runOnlyForDeploymentPostprocessing = 0;
		};
/* End PBXResourcesBuildPhase section */

/* Begin PBXSourcesBuildPhase section */
		F20D64471A76136200D00B9B /* Sources */ = {
			isa = PBXSourcesBuildPhase;
			buildActionMask = 2147483647;
			files = (
				F20D64571A76136200D00B9B /* ViewController.m in Sources */,
				F20D64541A76136200D00B9B /* AppDelegate.m in Sources */,
				F20D64511A76136200D00B9B /* main.m in Sources */,
			);
			runOnlyForDeploymentPostprocessing = 0;
		};
		F20D64601A76136200D00B9B /* Sources */ = {
			isa = PBXSourcesBuildPhase;
			buildActionMask = 2147483647;
			files = (
				F20D646B1A76136200D00B9B /* ViewTransitionTutorialTests.m in Sources */,
			);
			runOnlyForDeploymentPostprocessing = 0;
		};
/* End PBXSourcesBuildPhase section */

/* Begin PBXTargetDependency section */
		F20D64661A76136200D00B9B /* PBXTargetDependency */ = {
			isa = PBXTargetDependency;
			target = F20D644A1A76136200D00B9B /* ViewTransitionTutorial */;
			targetProxy = F20D64651A76136200D00B9B /* PBXContainerItemProxy */;
		};
/* End PBXTargetDependency section */

/* Begin PBXVariantGroup section */
		F20D64581A76136200D00B9B /* Main.storyboard */ = {
			isa = PBXVariantGroup;
			children = (
				F20D64591A76136200D00B9B /* Base */,
			);
			name = Main.storyboard;
			sourceTree = "<group>";
		};
		F20D645D1A76136200D00B9B /* LaunchScreen.xib */ = {
			isa = PBXVariantGroup;
			children = (
				F20D645E1A76136200D00B9B /* Base */,
			);
			name = LaunchScreen.xib;
			sourceTree = "<group>";
		};
/* End PBXVariantGroup section */

/* Begin XCBuildConfiguration section */
		F20D646C1A76136200D00B9B /* Debug */ = {
			isa = XCBuildConfiguration;
			buildSettings = {
				ALWAYS_SEARCH_USER_PATHS = NO;
				CLANG_CXX_LANGUAGE_STANDARD = "gnu++0x";
				CLANG_CXX_LIBRARY = "libc++";
				CLANG_ENABLE_MODULES = YES;
				CLANG_ENABLE_OBJC_ARC = YES;
				CLANG_WARN_BOOL_CONVERSION = YES;
				CLANG_WARN_CONSTANT_CONVERSION = YES;
				CLANG_WARN_DIRECT_OBJC_ISA_USAGE = YES_ERROR;
				CLANG_WARN_EMPTY_BODY = YES;
				CLANG_WARN_ENUM_CONVERSION = YES;
				CLANG_WARN_INT_CONVERSION = YES;
				CLANG_WARN_OBJC_ROOT_CLASS = YES_ERROR;
				CLANG_WARN_UNREACHABLE_CODE = YES;
				CLANG_WARN__DUPLICATE_METHOD_MATCH = YES;
				"CODE_SIGN_IDENTITY[sdk=iphoneos*]" = "iPhone Developer";
				COPY_PHASE_STRIP = NO;
				ENABLE_STRICT_OBJC_MSGSEND = YES;
				GCC_C_LANGUAGE_STANDARD = gnu99;
				GCC_DYNAMIC_NO_PIC = NO;
				GCC_OPTIMIZATION_LEVEL = 0;
				GCC_PREPROCESSOR_DEFINITIONS = (
					"DEBUG=1",
					"$(inherited)",
				);
				GCC_SYMBOLS_PRIVATE_EXTERN = NO;
				GCC_WARN_64_TO_32_BIT_CONVERSION = YES;
				GCC_WARN_ABOUT_RETURN_TYPE = YES_ERROR;
				GCC_WARN_UNDECLARED_SELECTOR = YES;
				GCC_WARN_UNINITIALIZED_AUTOS = YES_AGGRESSIVE;
				GCC_WARN_UNUSED_FUNCTION = YES;
				GCC_WARN_UNUSED_VARIABLE = YES;
				IPHONEOS_DEPLOYMENT_TARGET = 8.1;
				MTL_ENABLE_DEBUG_INFO = YES;
				ONLY_ACTIVE_ARCH = YES;
				SDKROOT = iphoneos;
				TARGETED_DEVICE_FAMILY = "1,2";
			};
			name = Debug;
		};
		F20D646D1A76136200D00B9B /* Release */ = {
			isa = XCBuildConfiguration;
			buildSettings = {
				ALWAYS_SEARCH_USER_PATHS = NO;
				CLANG_CXX_LANGUAGE_STANDARD = "gnu++0x";
				CLANG_CXX_LIBRARY = "libc++";
				CLANG_ENABLE_MODULES = YES;
				CLANG_ENABLE_OBJC_ARC = YES;
				CLANG_WARN_BOOL_CONVERSION = YES;
				CLANG_WARN_CONSTANT_CONVERSION = YES;
				CLANG_WARN_DIRECT_OBJC_ISA_USAGE = YES_ERROR;
				CLANG_WARN_EMPTY_BODY = YES;
				CLANG_WARN_ENUM_CONVERSION = YES;
				CLANG_WARN_INT_CONVERSION = YES;
				CLANG_WARN_OBJC_ROOT_CLASS = YES_ERROR;
				CLANG_WARN_UNREACHABLE_CODE = YES;
				CLANG_WARN__DUPLICATE_METHOD_MATCH = YES;
				"CODE_SIGN_IDENTITY[sdk=iphoneos*]" = "iPhone Developer";
				COPY_PHASE_STRIP = YES;
				ENABLE_NS_ASSERTIONS = NO;
				ENABLE_STRICT_OBJC_MSGSEND = YES;
				GCC_C_LANGUAGE_STANDARD = gnu99;
				GCC_WARN_64_TO_32_BIT_CONVERSION = YES;
				GCC_WARN_ABOUT_RETURN_TYPE = YES_ERROR;
				GCC_WARN_UNDECLARED_SELECTOR = YES;
				GCC_WARN_UNINITIALIZED_AUTOS = YES_AGGRESSIVE;
				GCC_WARN_UNUSED_FUNCTION = YES;
				GCC_WARN_UNUSED_VARIABLE = YES;
				IPHONEOS_DEPLOYMENT_TARGET = 8.1;
				MTL_ENABLE_DEBUG_INFO = NO;
				SDKROOT = iphoneos;
				TARGETED_DEVICE_FAMILY = "1,2";
				VALIDATE_PRODUCT = YES;
			};
			name = Release;
		};
		F20D646F1A76136200D00B9B /* Debug */ = {
			isa = XCBuildConfiguration;
			buildSettings = {
				ASSETCATALOG_COMPILER_APPICON_NAME = AppIcon;
				INFOPLIST_FILE = ViewTransitionTutorial/Info.plist;
				LD_RUNPATH_SEARCH_PATHS = "$(inherited) @executable_path/Frameworks";
				PRODUCT_NAME = "$(TARGET_NAME)";
			};
			name = Debug;
		};
		F20D64701A76136200D00B9B /* Release */ = {
			isa = XCBuildConfiguration;
			buildSettings = {
				ASSETCATALOG_COMPILER_APPICON_NAME = AppIcon;
				INFOPLIST_FILE = ViewTransitionTutorial/Info.plist;
				LD_RUNPATH_SEARCH_PATHS = "$(inherited) @executable_path/Frameworks";
				PRODUCT_NAME = "$(TARGET_NAME)";
			};
			name = Release;
		};
		F20D64721A76136200D00B9B /* Debug */ = {
			isa = XCBuildConfiguration;
			buildSettings = {
				BUNDLE_LOADER = "$(TEST_HOST)";
				FRAMEWORK_SEARCH_PATHS = (
					"$(SDKROOT)/Developer/Library/Frameworks",
					"$(inherited)",
				);
				GCC_PREPROCESSOR_DEFINITIONS = (
					"DEBUG=1",
					"$(inherited)",
				);
				INFOPLIST_FILE = ViewTransitionTutorialTests/Info.plist;
				LD_RUNPATH_SEARCH_PATHS = "$(inherited) @executable_path/Frameworks @loader_path/Frameworks";
				PRODUCT_NAME = "$(TARGET_NAME)";
				TEST_HOST = "$(BUILT_PRODUCTS_DIR)/ViewTransitionTutorial.app/ViewTransitionTutorial";
			};
			name = Debug;
		};
		F20D64731A76136200D00B9B /* Release */ = {
			isa = XCBuildConfiguration;
			buildSettings = {
				BUNDLE_LOADER = "$(TEST_HOST)";
				FRAMEWORK_SEARCH_PATHS = (
					"$(SDKROOT)/Developer/Library/Frameworks",
					"$(inherited)",
				);
				INFOPLIST_FILE = ViewTransitionTutorialTests/Info.plist;
				LD_RUNPATH_SEARCH_PATHS = "$(inherited) @executable_path/Frameworks @loader_path/Frameworks";
				PRODUCT_NAME = "$(TARGET_NAME)";
				TEST_HOST = "$(BUILT_PRODUCTS_DIR)/ViewTransitionTutorial.app/ViewTransitionTutorial";
			};
			name = Release;
		};
/* End XCBuildConfiguration section */

/* Begin XCConfigurationList section */
		F20D64461A76136200D00B9B /* Build configuration list for PBXProject "ViewTransitionTutorial" */ = {
			isa = XCConfigurationList;
			buildConfigurations = (
				F20D646C1A76136200D00B9B /* Debug */,
				F20D646D1A76136200D00B9B /* Release */,
			);
			defaultConfigurationIsVisible = 0;
			defaultConfigurationName = Release;
		};
		F20D646E1A76136200D00B9B /* Build configuration list for PBXNativeTarget "ViewTransitionTutorial" */ = {
			isa = XCConfigurationList;
			buildConfigurations = (
				F20D646F1A76136200D00B9B /* Debug */,
				F20D64701A76136200D00B9B /* Release */,
			);
			defaultConfigurationIsVisible = 0;
		};
		F20D64711A76136200D00B9B /* Build configuration list for PBXNativeTarget "ViewTransitionTutorialTests" */ = {
			isa = XCConfigurationList;
			buildConfigurations = (
				F20D64721A76136200D00B9B /* Debug */,
				F20D64731A76136200D00B9B /* Release */,
			);
			defaultConfigurationIsVisible = 0;
		};
/* End XCConfigurationList section */
	};
	rootObject = F20D64431A76136200D00B9B /* Project object */;
}
