// !$*UTF8*$!
{
	archiveVersion = 1;
	classes = {
	};
	objectVersion = 46;
	objects = {

/* Begin PBXBuildFile section */
		F2579FCC1AF78C6E0090ABD6 /* AppDelegate.swift in Sources */ = {isa = PBXBuildFile; fileRef = F2579FCB1AF78C6E0090ABD6 /* AppDelegate.swift */; };
		F2579FCE1AF78C6E0090ABD6 /* ViewController.swift in Sources */ = {isa = PBXBuildFile; fileRef = F2579FCD1AF78C6E0090ABD6 /* ViewController.swift */; };
		F2579FD11AF78C6E0090ABD6 /* Main.storyboard in Resources */ = {isa = PBXBuildFile; fileRef = F2579FCF1AF78C6E0090ABD6 /* Main.storyboard */; };
		F2579FD31AF78C6E0090ABD6 /* Images.xcassets in Resources */ = {isa = PBXBuildFile; fileRef = F2579FD21AF78C6E0090ABD6 /* Images.xcassets */; };
		F2579FD61AF78C6E0090ABD6 /* LaunchScreen.xib in Resources */ = {isa = PBXBuildFile; fileRef = F2579FD41AF78C6E0090ABD6 /* LaunchScreen.xib */; };
		F2579FE21AF78C6E0090ABD6 /* ExtensionSampleSwiftTests.swift in Sources */ = {isa = PBXBuildFile; fileRef = F2579FE11AF78C6E0090ABD6 /* ExtensionSampleSwiftTests.swift */; };
/* End PBXBuildFile section */

/* Begin PBXContainerItemProxy section */
		F2579FDC1AF78C6E0090ABD6 /* PBXContainerItemProxy */ = {
			isa = PBXContainerItemProxy;
			containerPortal = F2579FBE1AF78C6E0090ABD6 /* Project object */;
			proxyType = 1;
			remoteGlobalIDString = F2579FC51AF78C6E0090ABD6;
			remoteInfo = ExtensionSampleSwift;
		};
/* End PBXContainerItemProxy section */

/* Begin PBXFileReference section */
		F2579FC61AF78C6E0090ABD6 /* ExtensionSampleSwift.app */ = {isa = PBXFileReference; explicitFileType = wrapper.application; includeInIndex = 0; path = ExtensionSampleSwift.app; sourceTree = BUILT_PRODUCTS_DIR; };
		F2579FCA1AF78C6E0090ABD6 /* Info.plist */ = {isa = PBXFileReference; lastKnownFileType = text.plist.xml; path = Info.plist; sourceTree = "<group>"; };
		F2579FCB1AF78C6E0090ABD6 /* AppDelegate.swift */ = {isa = PBXFileReference; lastKnownFileType = sourcecode.swift; path = AppDelegate.swift; sourceTree = "<group>"; };
		F2579FCD1AF78C6E0090ABD6 /* ViewController.swift */ = {isa = PBXFileReference; lastKnownFileType = sourcecode.swift; path = ViewController.swift; sourceTree = "<group>"; };
		F2579FD01AF78C6E0090ABD6 /* Base */ = {isa = PBXFileReference; lastKnownFileType = file.storyboard; name = Base; path = Base.lproj/Main.storyboard; sourceTree = "<group>"; };
		F2579FD21AF78C6E0090ABD6 /* Images.xcassets */ = {isa = PBXFileReference; lastKnownFileType = folder.assetcatalog; path = Images.xcassets; sourceTree = "<group>"; };
		F2579FD51AF78C6E0090ABD6 /* Base */ = {isa = PBXFileReference; lastKnownFileType = file.xib; name = Base; path = Base.lproj/LaunchScreen.xib; sourceTree = "<group>"; };
		F2579FDB1AF78C6E0090ABD6 /* ExtensionSampleSwiftTests.xctest */ = {isa = PBXFileReference; explicitFileType = wrapper.cfbundle; includeInIndex = 0; path = ExtensionSampleSwiftTests.xctest; sourceTree = BUILT_PRODUCTS_DIR; };
		F2579FE01AF78C6E0090ABD6 /* Info.plist */ = {isa = PBXFileReference; lastKnownFileType = text.plist.xml; path = Info.plist; sourceTree = "<group>"; };
		F2579FE11AF78C6E0090ABD6 /* ExtensionSampleSwiftTests.swift */ = {isa = PBXFileReference; lastKnownFileType = sourcecode.swift; path = ExtensionSampleSwiftTests.swift; sourceTree = "<group>"; };
/* End PBXFileReference section */

/* Begin PBXFrameworksBuildPhase section */
		F2579FC31AF78C6E0090ABD6 /* Frameworks */ = {
			isa = PBXFrameworksBuildPhase;
			buildActionMask = 2147483647;
			files = (
			);
			runOnlyForDeploymentPostprocessing = 0;
		};
		F2579FD81AF78C6E0090ABD6 /* Frameworks */ = {
			isa = PBXFrameworksBuildPhase;
			buildActionMask = 2147483647;
			files = (
			);
			runOnlyForDeploymentPostprocessing = 0;
		};
/* End PBXFrameworksBuildPhase section */

/* Begin PBXGroup section */
		F2579FBD1AF78C6E0090ABD6 = {
			isa = PBXGroup;
			children = (
				F2579FC81AF78C6E0090ABD6 /* ExtensionSampleSwift */,
				F2579FDE1AF78C6E0090ABD6 /* ExtensionSampleSwiftTests */,
				F2579FC71AF78C6E0090ABD6 /* Products */,
			);
			sourceTree = "<group>";
		};
		F2579FC71AF78C6E0090ABD6 /* Products */ = {
			isa = PBXGroup;
			children = (
				F2579FC61AF78C6E0090ABD6 /* ExtensionSampleSwift.app */,
				F2579FDB1AF78C6E0090ABD6 /* ExtensionSampleSwiftTests.xctest */,
			);
			name = Products;
			sourceTree = "<group>";
		};
		F2579FC81AF78C6E0090ABD6 /* ExtensionSampleSwift */ = {
			isa = PBXGroup;
			children = (
				F2579FCB1AF78C6E0090ABD6 /* AppDelegate.swift */,
				F2579FCD1AF78C6E0090ABD6 /* ViewController.swift */,
				F2579FCF1AF78C6E0090ABD6 /* Main.storyboard */,
				F2579FD21AF78C6E0090ABD6 /* Images.xcassets */,
				F2579FD41AF78C6E0090ABD6 /* LaunchScreen.xib */,
				F2579FC91AF78C6E0090ABD6 /* Supporting Files */,
			);
			path = ExtensionSampleSwift;
			sourceTree = "<group>";
		};
		F2579FC91AF78C6E0090ABD6 /* Supporting Files */ = {
			isa = PBXGroup;
			children = (
				F2579FCA1AF78C6E0090ABD6 /* Info.plist */,
			);
			name = "Supporting Files";
			sourceTree = "<group>";
		};
		F2579FDE1AF78C6E0090ABD6 /* ExtensionSampleSwiftTests */ = {
			isa = PBXGroup;
			children = (
				F2579FE11AF78C6E0090ABD6 /* ExtensionSampleSwiftTests.swift */,
				F2579FDF1AF78C6E0090ABD6 /* Supporting Files */,
			);
			path = ExtensionSampleSwiftTests;
			sourceTree = "<group>";
		};
		F2579FDF1AF78C6E0090ABD6 /* Supporting Files */ = {
			isa = PBXGroup;
			children = (
				F2579FE01AF78C6E0090ABD6 /* Info.plist */,
			);
			name = "Supporting Files";
			sourceTree = "<group>";
		};
/* End PBXGroup section */

/* Begin PBXNativeTarget section */
		F2579FC51AF78C6E0090ABD6 /* ExtensionSampleSwift */ = {
			isa = PBXNativeTarget;
			buildConfigurationList = F2579FE51AF78C6E0090ABD6 /* Build configuration list for PBXNativeTarget "ExtensionSampleSwift" */;
			buildPhases = (
				F2579FC21AF78C6E0090ABD6 /* Sources */,
				F2579FC31AF78C6E0090ABD6 /* Frameworks */,
				F2579FC41AF78C6E0090ABD6 /* Resources */,
			);
			buildRules = (
			);
			dependencies = (
			);
			name = ExtensionSampleSwift;
			productName = ExtensionSampleSwift;
			productReference = F2579FC61AF78C6E0090ABD6 /* ExtensionSampleSwift.app */;
			productType = "com.apple.product-type.application";
		};
		F2579FDA1AF78C6E0090ABD6 /* ExtensionSampleSwiftTests */ = {
			isa = PBXNativeTarget;
			buildConfigurationList = F2579FE81AF78C6E0090ABD6 /* Build configuration list for PBXNativeTarget "ExtensionSampleSwiftTests" */;
			buildPhases = (
				F2579FD71AF78C6E0090ABD6 /* Sources */,
				F2579FD81AF78C6E0090ABD6 /* Frameworks */,
				F2579FD91AF78C6E0090ABD6 /* Resources */,
			);
			buildRules = (
			);
			dependencies = (
				F2579FDD1AF78C6E0090ABD6 /* PBXTargetDependency */,
			);
			name = ExtensionSampleSwiftTests;
			productName = ExtensionSampleSwiftTests;
			productReference = F2579FDB1AF78C6E0090ABD6 /* ExtensionSampleSwiftTests.xctest */;
			productType = "com.apple.product-type.bundle.unit-test";
		};
/* End PBXNativeTarget section */

/* Begin PBXProject section */
		F2579FBE1AF78C6E0090ABD6 /* Project object */ = {
			isa = PBXProject;
			attributes = {
				LastUpgradeCheck = 0630;
				ORGANIZATIONNAME = "Vinita Miranda";
				TargetAttributes = {
					F2579FC51AF78C6E0090ABD6 = {
						CreatedOnToolsVersion = 6.3;
					};
					F2579FDA1AF78C6E0090ABD6 = {
						CreatedOnToolsVersion = 6.3;
						TestTargetID = F2579FC51AF78C6E0090ABD6;
					};
				};
			};
			buildConfigurationList = F2579FC11AF78C6E0090ABD6 /* Build configuration list for PBXProject "ExtensionSampleSwift" */;
			compatibilityVersion = "Xcode 3.2";
			developmentRegion = English;
			hasScannedForEncodings = 0;
			knownRegions = (
				en,
				Base,
			);
			mainGroup = F2579FBD1AF78C6E0090ABD6;
			productRefGroup = F2579FC71AF78C6E0090ABD6 /* Products */;
			projectDirPath = "";
			projectRoot = "";
			targets = (
				F2579FC51AF78C6E0090ABD6 /* ExtensionSampleSwift */,
				F2579FDA1AF78C6E0090ABD6 /* ExtensionSampleSwiftTests */,
			);
		};
/* End PBXProject section */

/* Begin PBXResourcesBuildPhase section */
		F2579FC41AF78C6E0090ABD6 /* Resources */ = {
			isa = PBXResourcesBuildPhase;
			buildActionMask = 2147483647;
			files = (
				F2579FD11AF78C6E0090ABD6 /* Main.storyboard in Resources */,
				F2579FD61AF78C6E0090ABD6 /* LaunchScreen.xib in Resources */,
				F2579FD31AF78C6E0090ABD6 /* Images.xcassets in Resources */,
			);
			runOnlyForDeploymentPostprocessing = 0;
		};
		F2579FD91AF78C6E0090ABD6 /* Resources */ = {
			isa = PBXResourcesBuildPhase;
			buildActionMask = 2147483647;
			files = (
			);
			runOnlyForDeploymentPostprocessing = 0;
		};
/* End PBXResourcesBuildPhase section */

/* Begin PBXSourcesBuildPhase section */
		F2579FC21AF78C6E0090ABD6 /* Sources */ = {
			isa = PBXSourcesBuildPhase;
			buildActionMask = 2147483647;
			files = (
				F2579FCE1AF78C6E0090ABD6 /* ViewController.swift in Sources */,
				F2579FCC1AF78C6E0090ABD6 /* AppDelegate.swift in Sources */,
			);
			runOnlyForDeploymentPostprocessing = 0;
		};
		F2579FD71AF78C6E0090ABD6 /* Sources */ = {
			isa = PBXSourcesBuildPhase;
			buildActionMask = 2147483647;
			files = (
				F2579FE21AF78C6E0090ABD6 /* ExtensionSampleSwiftTests.swift in Sources */,
			);
			runOnlyForDeploymentPostprocessing = 0;
		};
/* End PBXSourcesBuildPhase section */

/* Begin PBXTargetDependency section */
		F2579FDD1AF78C6E0090ABD6 /* PBXTargetDependency */ = {
			isa = PBXTargetDependency;
			target = F2579FC51AF78C6E0090ABD6 /* ExtensionSampleSwift */;
			targetProxy = F2579FDC1AF78C6E0090ABD6 /* PBXContainerItemProxy */;
		};
/* End PBXTargetDependency section */

/* Begin PBXVariantGroup section */
		F2579FCF1AF78C6E0090ABD6 /* Main.storyboard */ = {
			isa = PBXVariantGroup;
			children = (
				F2579FD01AF78C6E0090ABD6 /* Base */,
			);
			name = Main.storyboard;
			sourceTree = "<group>";
		};
		F2579FD41AF78C6E0090ABD6 /* LaunchScreen.xib */ = {
			isa = PBXVariantGroup;
			children = (
				F2579FD51AF78C6E0090ABD6 /* Base */,
			);
			name = LaunchScreen.xib;
			sourceTree = "<group>";
		};
/* End PBXVariantGroup section */

/* Begin XCBuildConfiguration section */
		F2579FE31AF78C6E0090ABD6 /* Debug */ = {
			isa = XCBuildConfiguration;
			buildSettings = {
				ALWAYS_SEARCH_USER_PATHS = NO;
				CLANG_CXX_LANGUAGE_STANDARD = "gnu++0x";
				CLANG_CXX_LIBRARY = "libc++";
				CLANG_ENABLE_MODULES = YES;
				CLANG_ENABLE_OBJC_ARC = YES;
				CLANG_WARN_BOOL_CONVERSION = YES;
				CLANG_WARN_CONSTANT_CONVERSION = YES;
				CLANG_WARN_DIRECT_OBJC_ISA_USAGE = YES_ERROR;
				CLANG_WARN_EMPTY_BODY = YES;
				CLANG_WARN_ENUM_CONVERSION = YES;
				CLANG_WARN_INT_CONVERSION = YES;
				CLANG_WARN_OBJC_ROOT_CLASS = YES_ERROR;
				CLANG_WARN_UNREACHABLE_CODE = YES;
				CLANG_WARN__DUPLICATE_METHOD_MATCH = YES;
				"CODE_SIGN_IDENTITY[sdk=iphoneos*]" = "iPhone Developer";
				COPY_PHASE_STRIP = NO;
				DEBUG_INFORMATION_FORMAT = "dwarf-with-dsym";
				ENABLE_STRICT_OBJC_MSGSEND = YES;
				GCC_C_LANGUAGE_STANDARD = gnu99;
				GCC_DYNAMIC_NO_PIC = NO;
				GCC_NO_COMMON_BLOCKS = YES;
				GCC_OPTIMIZATION_LEVEL = 0;
				GCC_PREPROCESSOR_DEFINITIONS = (
					"DEBUG=1",
					"$(inherited)",
				);
				GCC_SYMBOLS_PRIVATE_EXTERN = NO;
				GCC_WARN_64_TO_32_BIT_CONVERSION = YES;
				GCC_WARN_ABOUT_RETURN_TYPE = YES_ERROR;
				GCC_WARN_UNDECLARED_SELECTOR = YES;
				GCC_WARN_UNINITIALIZED_AUTOS = YES_AGGRESSIVE;
				GCC_WARN_UNUSED_FUNCTION = YES;
				GCC_WARN_UNUSED_VARIABLE = YES;
				IPHONEOS_DEPLOYMENT_TARGET = 8.3;
				MTL_ENABLE_DEBUG_INFO = YES;
				ONLY_ACTIVE_ARCH = YES;
				SDKROOT = iphoneos;
				SWIFT_OPTIMIZATION_LEVEL = "-Onone";
			};
			name = Debug;
		};
		F2579FE41AF78C6E0090ABD6 /* Release */ = {
			isa = XCBuildConfiguration;
			buildSettings = {
				ALWAYS_SEARCH_USER_PATHS = NO;
				CLANG_CXX_LANGUAGE_STANDARD = "gnu++0x";
				CLANG_CXX_LIBRARY = "libc++";
				CLANG_ENABLE_MODULES = YES;
				CLANG_ENABLE_OBJC_ARC = YES;
				CLANG_WARN_BOOL_CONVERSION = YES;
				CLANG_WARN_CONSTANT_CONVERSION = YES;
				CLANG_WARN_DIRECT_OBJC_ISA_USAGE = YES_ERROR;
				CLANG_WARN_EMPTY_BODY = YES;
				CLANG_WARN_ENUM_CONVERSION = YES;
				CLANG_WARN_INT_CONVERSION = YES;
				CLANG_WARN_OBJC_ROOT_CLASS = YES_ERROR;
				CLANG_WARN_UNREACHABLE_CODE = YES;
				CLANG_WARN__DUPLICATE_METHOD_MATCH = YES;
				"CODE_SIGN_IDENTITY[sdk=iphoneos*]" = "iPhone Developer";
				COPY_PHASE_STRIP = NO;
				DEBUG_INFORMATION_FORMAT = "dwarf-with-dsym";
				ENABLE_NS_ASSERTIONS = NO;
				ENABLE_STRICT_OBJC_MSGSEND = YES;
				GCC_C_LANGUAGE_STANDARD = gnu99;
				GCC_NO_COMMON_BLOCKS = YES;
				GCC_WARN_64_TO_32_BIT_CONVERSION = YES;
				GCC_WARN_ABOUT_RETURN_TYPE = YES_ERROR;
				GCC_WARN_UNDECLARED_SELECTOR = YES;
				GCC_WARN_UNINITIALIZED_AUTOS = YES_AGGRESSIVE;
				GCC_WARN_UNUSED_FUNCTION = YES;
				GCC_WARN_UNUSED_VARIABLE = YES;
				IPHONEOS_DEPLOYMENT_TARGET = 8.3;
				MTL_ENABLE_DEBUG_INFO = NO;
				SDKROOT = iphoneos;
				VALIDATE_PRODUCT = YES;
			};
			name = Release;
		};
		F2579FE61AF78C6E0090ABD6 /* Debug */ = {
			isa = XCBuildConfiguration;
			buildSettings = {
				ASSETCATALOG_COMPILER_APPICON_NAME = AppIcon;
				INFOPLIST_FILE = ExtensionSampleSwift/Info.plist;
				LD_RUNPATH_SEARCH_PATHS = "$(inherited) @executable_path/Frameworks";
				PRODUCT_NAME = "$(TARGET_NAME)";
			};
			name = Debug;
		};
		F2579FE71AF78C6E0090ABD6 /* Release */ = {
			isa = XCBuildConfiguration;
			buildSettings = {
				ASSETCATALOG_COMPILER_APPICON_NAME = AppIcon;
				INFOPLIST_FILE = ExtensionSampleSwift/Info.plist;
				LD_RUNPATH_SEARCH_PATHS = "$(inherited) @executable_path/Frameworks";
				PRODUCT_NAME = "$(TARGET_NAME)";
			};
			name = Release;
		};
		F2579FE91AF78C6E0090ABD6 /* Debug */ = {
			isa = XCBuildConfiguration;
			buildSettings = {
				BUNDLE_LOADER = "$(TEST_HOST)";
				FRAMEWORK_SEARCH_PATHS = (
					"$(SDKROOT)/Developer/Library/Frameworks",
					"$(inherited)",
				);
				GCC_PREPROCESSOR_DEFINITIONS = (
					"DEBUG=1",
					"$(inherited)",
				);
				INFOPLIST_FILE = ExtensionSampleSwiftTests/Info.plist;
				LD_RUNPATH_SEARCH_PATHS = "$(inherited) @executable_path/Frameworks @loader_path/Frameworks";
				PRODUCT_NAME = "$(TARGET_NAME)";
				TEST_HOST = "$(BUILT_PRODUCTS_DIR)/ExtensionSampleSwift.app/ExtensionSampleSwift";
			};
			name = Debug;
		};
		F2579FEA1AF78C6E0090ABD6 /* Release */ = {
			isa = XCBuildConfiguration;
			buildSettings = {
				BUNDLE_LOADER = "$(TEST_HOST)";
				FRAMEWORK_SEARCH_PATHS = (
					"$(SDKROOT)/Developer/Library/Frameworks",
					"$(inherited)",
				);
				INFOPLIST_FILE = ExtensionSampleSwiftTests/Info.plist;
				LD_RUNPATH_SEARCH_PATHS = "$(inherited) @executable_path/Frameworks @loader_path/Frameworks";
				PRODUCT_NAME = "$(TARGET_NAME)";
				TEST_HOST = "$(BUILT_PRODUCTS_DIR)/ExtensionSampleSwift.app/ExtensionSampleSwift";
			};
			name = Release;
		};
/* End XCBuildConfiguration section */

/* Begin XCConfigurationList section */
		F2579FC11AF78C6E0090ABD6 /* Build configuration list for PBXProject "ExtensionSampleSwift" */ = {
			isa = XCConfigurationList;
			buildConfigurations = (
				F2579FE31AF78C6E0090ABD6 /* Debug */,
				F2579FE41AF78C6E0090ABD6 /* Release */,
			);
			defaultConfigurationIsVisible = 0;
			defaultConfigurationName = Release;
		};
		F2579FE51AF78C6E0090ABD6 /* Build configuration list for PBXNativeTarget "ExtensionSampleSwift" */ = {
			isa = XCConfigurationList;
			buildConfigurations = (
				F2579FE61AF78C6E0090ABD6 /* Debug */,
				F2579FE71AF78C6E0090ABD6 /* Release */,
			);
			defaultConfigurationIsVisible = 0;
		};
		F2579FE81AF78C6E0090ABD6 /* Build configuration list for PBXNativeTarget "ExtensionSampleSwiftTests" */ = {
			isa = XCConfigurationList;
			buildConfigurations = (
				F2579FE91AF78C6E0090ABD6 /* Debug */,
				F2579FEA1AF78C6E0090ABD6 /* Release */,
			);
			defaultConfigurationIsVisible = 0;
		};
/* End XCConfigurationList section */
	};
	rootObject = F2579FBE1AF78C6E0090ABD6 /* Project object */;
}
