// !$*UTF8*$!
{
	archiveVersion = 1;
	classes = {
	};
	objectVersion = 46;
	objects = {

/* Begin PBXBuildFile section */
		F2B2ED741A736D76005E886B /* main.m in Sources */ = {isa = PBXBuildFile; fileRef = F2B2ED731A736D76005E886B /* main.m */; };
		F2B2ED771A736D76005E886B /* AppDelegate.m in Sources */ = {isa = PBXBuildFile; fileRef = F2B2ED761A736D76005E886B /* AppDelegate.m */; };
		F2B2ED7A1A736D76005E886B /* ViewController.m in Sources */ = {isa = PBXBuildFile; fileRef = F2B2ED791A736D76005E886B /* ViewController.m */; };
		F2B2ED7D1A736D76005E886B /* Main.storyboard in Resources */ = {isa = PBXBuildFile; fileRef = F2B2ED7B1A736D76005E886B /* Main.storyboard */; };
		F2B2ED7F1A736D76005E886B /* Images.xcassets in Resources */ = {isa = PBXBuildFile; fileRef = F2B2ED7E1A736D76005E886B /* Images.xcassets */; };
		F2B2ED821A736D76005E886B /* LaunchScreen.xib in Resources */ = {isa = PBXBuildFile; fileRef = F2B2ED801A736D76005E886B /* LaunchScreen.xib */; };
		F2B2ED8E1A736D76005E886B /* StatusBarTutorialTests.m in Sources */ = {isa = PBXBuildFile; fileRef = F2B2ED8D1A736D76005E886B /* StatusBarTutorialTests.m */; };
/* End PBXBuildFile section */

/* Begin PBXContainerItemProxy section */
		F2B2ED881A736D76005E886B /* PBXContainerItemProxy */ = {
			isa = PBXContainerItemProxy;
			containerPortal = F2B2ED661A736D76005E886B /* Project object */;
			proxyType = 1;
			remoteGlobalIDString = F2B2ED6D1A736D76005E886B;
			remoteInfo = StatusBarTutorial;
		};
/* End PBXContainerItemProxy section */

/* Begin PBXFileReference section */
		F2B2ED6E1A736D76005E886B /* StatusBarTutorial.app */ = {isa = PBXFileReference; explicitFileType = wrapper.application; includeInIndex = 0; path = StatusBarTutorial.app; sourceTree = BUILT_PRODUCTS_DIR; };
		F2B2ED721A736D76005E886B /* Info.plist */ = {isa = PBXFileReference; lastKnownFileType = text.plist.xml; path = Info.plist; sourceTree = "<group>"; };
		F2B2ED731A736D76005E886B /* main.m */ = {isa = PBXFileReference; lastKnownFileType = sourcecode.c.objc; path = main.m; sourceTree = "<group>"; };
		F2B2ED751A736D76005E886B /* AppDelegate.h */ = {isa = PBXFileReference; lastKnownFileType = sourcecode.c.h; path = AppDelegate.h; sourceTree = "<group>"; };
		F2B2ED761A736D76005E886B /* AppDelegate.m */ = {isa = PBXFileReference; lastKnownFileType = sourcecode.c.objc; path = AppDelegate.m; sourceTree = "<group>"; };
		F2B2ED781A736D76005E886B /* ViewController.h */ = {isa = PBXFileReference; lastKnownFileType = sourcecode.c.h; path = ViewController.h; sourceTree = "<group>"; };
		F2B2ED791A736D76005E886B /* ViewController.m */ = {isa = PBXFileReference; lastKnownFileType = sourcecode.c.objc; path = ViewController.m; sourceTree = "<group>"; };
		F2B2ED7C1A736D76005E886B /* Base */ = {isa = PBXFileReference; lastKnownFileType = file.storyboard; name = Base; path = Base.lproj/Main.storyboard; sourceTree = "<group>"; };
		F2B2ED7E1A736D76005E886B /* Images.xcassets */ = {isa = PBXFileReference; lastKnownFileType = folder.assetcatalog; path = Images.xcassets; sourceTree = "<group>"; };
		F2B2ED811A736D76005E886B /* Base */ = {isa = PBXFileReference; lastKnownFileType = file.xib; name = Base; path = Base.lproj/LaunchScreen.xib; sourceTree = "<group>"; };
		F2B2ED871A736D76005E886B /* StatusBarTutorialTests.xctest */ = {isa = PBXFileReference; explicitFileType = wrapper.cfbundle; includeInIndex = 0; path = StatusBarTutorialTests.xctest; sourceTree = BUILT_PRODUCTS_DIR; };
		F2B2ED8C1A736D76005E886B /* Info.plist */ = {isa = PBXFileReference; lastKnownFileType = text.plist.xml; path = Info.plist; sourceTree = "<group>"; };
		F2B2ED8D1A736D76005E886B /* StatusBarTutorialTests.m */ = {isa = PBXFileReference; lastKnownFileType = sourcecode.c.objc; path = StatusBarTutorialTests.m; sourceTree = "<group>"; };
/* End PBXFileReference section */

/* Begin PBXFrameworksBuildPhase section */
		F2B2ED6B1A736D76005E886B /* Frameworks */ = {
			isa = PBXFrameworksBuildPhase;
			buildActionMask = 2147483647;
			files = (
			);
			runOnlyForDeploymentPostprocessing = 0;
		};
		F2B2ED841A736D76005E886B /* Frameworks */ = {
			isa = PBXFrameworksBuildPhase;
			buildActionMask = 2147483647;
			files = (
			);
			runOnlyForDeploymentPostprocessing = 0;
		};
/* End PBXFrameworksBuildPhase section */

/* Begin PBXGroup section */
		F2B2ED651A736D76005E886B = {
			isa = PBXGroup;
			children = (
				F2B2ED701A736D76005E886B /* StatusBarTutorial */,
				F2B2ED8A1A736D76005E886B /* StatusBarTutorialTests */,
				F2B2ED6F1A736D76005E886B /* Products */,
			);
			sourceTree = "<group>";
		};
		F2B2ED6F1A736D76005E886B /* Products */ = {
			isa = PBXGroup;
			children = (
				F2B2ED6E1A736D76005E886B /* StatusBarTutorial.app */,
				F2B2ED871A736D76005E886B /* StatusBarTutorialTests.xctest */,
			);
			name = Products;
			sourceTree = "<group>";
		};
		F2B2ED701A736D76005E886B /* StatusBarTutorial */ = {
			isa = PBXGroup;
			children = (
				F2B2ED751A736D76005E886B /* AppDelegate.h */,
				F2B2ED761A736D76005E886B /* AppDelegate.m */,
				F2B2ED781A736D76005E886B /* ViewController.h */,
				F2B2ED791A736D76005E886B /* ViewController.m */,
				F2B2ED7B1A736D76005E886B /* Main.storyboard */,
				F2B2ED7E1A736D76005E886B /* Images.xcassets */,
				F2B2ED801A736D76005E886B /* LaunchScreen.xib */,
				F2B2ED711A736D76005E886B /* Supporting Files */,
			);
			path = StatusBarTutorial;
			sourceTree = "<group>";
		};
		F2B2ED711A736D76005E886B /* Supporting Files */ = {
			isa = PBXGroup;
			children = (
				F2B2ED721A736D76005E886B /* Info.plist */,
				F2B2ED731A736D76005E886B /* main.m */,
			);
			name = "Supporting Files";
			sourceTree = "<group>";
		};
		F2B2ED8A1A736D76005E886B /* StatusBarTutorialTests */ = {
			isa = PBXGroup;
			children = (
				F2B2ED8D1A736D76005E886B /* StatusBarTutorialTests.m */,
				F2B2ED8B1A736D76005E886B /* Supporting Files */,
			);
			path = StatusBarTutorialTests;
			sourceTree = "<group>";
		};
		F2B2ED8B1A736D76005E886B /* Supporting Files */ = {
			isa = PBXGroup;
			children = (
				F2B2ED8C1A736D76005E886B /* Info.plist */,
			);
			name = "Supporting Files";
			sourceTree = "<group>";
		};
/* End PBXGroup section */

/* Begin PBXNativeTarget section */
		F2B2ED6D1A736D76005E886B /* StatusBarTutorial */ = {
			isa = PBXNativeTarget;
			buildConfigurationList = F2B2ED911A736D76005E886B /* Build configuration list for PBXNativeTarget "StatusBarTutorial" */;
			buildPhases = (
				F2B2ED6A1A736D76005E886B /* Sources */,
				F2B2ED6B1A736D76005E886B /* Frameworks */,
				F2B2ED6C1A736D76005E886B /* Resources */,
			);
			buildRules = (
			);
			dependencies = (
			);
			name = StatusBarTutorial;
			productName = StatusBarTutorial;
			productReference = F2B2ED6E1A736D76005E886B /* StatusBarTutorial.app */;
			productType = "com.apple.product-type.application";
		};
		F2B2ED861A736D76005E886B /* StatusBarTutorialTests */ = {
			isa = PBXNativeTarget;
			buildConfigurationList = F2B2ED941A736D76005E886B /* Build configuration list for PBXNativeTarget "StatusBarTutorialTests" */;
			buildPhases = (
				F2B2ED831A736D76005E886B /* Sources */,
				F2B2ED841A736D76005E886B /* Frameworks */,
				F2B2ED851A736D76005E886B /* Resources */,
			);
			buildRules = (
			);
			dependencies = (
				F2B2ED891A736D76005E886B /* PBXTargetDependency */,
			);
			name = StatusBarTutorialTests;
			productName = StatusBarTutorialTests;
			productReference = F2B2ED871A736D76005E886B /* StatusBarTutorialTests.xctest */;
			productType = "com.apple.product-type.bundle.unit-test";
		};
/* End PBXNativeTarget section */

/* Begin PBXProject section */
		F2B2ED661A736D76005E886B /* Project object */ = {
			isa = PBXProject;
			attributes = {
				LastUpgradeCheck = 0610;
				ORGANIZATIONNAME = "Vinita Miranda";
				TargetAttributes = {
					F2B2ED6D1A736D76005E886B = {
						CreatedOnToolsVersion = 6.1.1;
					};
					F2B2ED861A736D76005E886B = {
						CreatedOnToolsVersion = 6.1.1;
						TestTargetID = F2B2ED6D1A736D76005E886B;
					};
				};
			};
			buildConfigurationList = F2B2ED691A736D76005E886B /* Build configuration list for PBXProject "StatusBarTutorial" */;
			compatibilityVersion = "Xcode 3.2";
			developmentRegion = English;
			hasScannedForEncodings = 0;
			knownRegions = (
				en,
				Base,
			);
			mainGroup = F2B2ED651A736D76005E886B;
			productRefGroup = F2B2ED6F1A736D76005E886B /* Products */;
			projectDirPath = "";
			projectRoot = "";
			targets = (
				F2B2ED6D1A736D76005E886B /* StatusBarTutorial */,
				F2B2ED861A736D76005E886B /* StatusBarTutorialTests */,
			);
		};
/* End PBXProject section */

/* Begin PBXResourcesBuildPhase section */
		F2B2ED6C1A736D76005E886B /* Resources */ = {
			isa = PBXResourcesBuildPhase;
			buildActionMask = 2147483647;
			files = (
				F2B2ED7D1A736D76005E886B /* Main.storyboard in Resources */,
				F2B2ED821A736D76005E886B /* LaunchScreen.xib in Resources */,
				F2B2ED7F1A736D76005E886B /* Images.xcassets in Resources */,
			);
			runOnlyForDeploymentPostprocessing = 0;
		};
		F2B2ED851A736D76005E886B /* Resources */ = {
			isa = PBXResourcesBuildPhase;
			buildActionMask = 2147483647;
			files = (
			);
			runOnlyForDeploymentPostprocessing = 0;
		};
/* End PBXResourcesBuildPhase section */

/* Begin PBXSourcesBuildPhase section */
		F2B2ED6A1A736D76005E886B /* Sources */ = {
			isa = PBXSourcesBuildPhase;
			buildActionMask = 2147483647;
			files = (
				F2B2ED7A1A736D76005E886B /* ViewController.m in Sources */,
				F2B2ED771A736D76005E886B /* AppDelegate.m in Sources */,
				F2B2ED741A736D76005E886B /* main.m in Sources */,
			);
			runOnlyForDeploymentPostprocessing = 0;
		};
		F2B2ED831A736D76005E886B /* Sources */ = {
			isa = PBXSourcesBuildPhase;
			buildActionMask = 2147483647;
			files = (
				F2B2ED8E1A736D76005E886B /* StatusBarTutorialTests.m in Sources */,
			);
			runOnlyForDeploymentPostprocessing = 0;
		};
/* End PBXSourcesBuildPhase section */

/* Begin PBXTargetDependency section */
		F2B2ED891A736D76005E886B /* PBXTargetDependency */ = {
			isa = PBXTargetDependency;
			target = F2B2ED6D1A736D76005E886B /* StatusBarTutorial */;
			targetProxy = F2B2ED881A736D76005E886B /* PBXContainerItemProxy */;
		};
/* End PBXTargetDependency section */

/* Begin PBXVariantGroup section */
		F2B2ED7B1A736D76005E886B /* Main.storyboard */ = {
			isa = PBXVariantGroup;
			children = (
				F2B2ED7C1A736D76005E886B /* Base */,
			);
			name = Main.storyboard;
			sourceTree = "<group>";
		};
		F2B2ED801A736D76005E886B /* LaunchScreen.xib */ = {
			isa = PBXVariantGroup;
			children = (
				F2B2ED811A736D76005E886B /* Base */,
			);
			name = LaunchScreen.xib;
			sourceTree = "<group>";
		};
/* End PBXVariantGroup section */

/* Begin XCBuildConfiguration section */
		F2B2ED8F1A736D76005E886B /* Debug */ = {
			isa = XCBuildConfiguration;
			buildSettings = {
				ALWAYS_SEARCH_USER_PATHS = NO;
				CLANG_CXX_LANGUAGE_STANDARD = "gnu++0x";
				CLANG_CXX_LIBRARY = "libc++";
				CLANG_ENABLE_MODULES = YES;
				CLANG_ENABLE_OBJC_ARC = YES;
				CLANG_WARN_BOOL_CONVERSION = YES;
				CLANG_WARN_CONSTANT_CONVERSION = YES;
				CLANG_WARN_DIRECT_OBJC_ISA_USAGE = YES_ERROR;
				CLANG_WARN_EMPTY_BODY = YES;
				CLANG_WARN_ENUM_CONVERSION = YES;
				CLANG_WARN_INT_CONVERSION = YES;
				CLANG_WARN_OBJC_ROOT_CLASS = YES_ERROR;
				CLANG_WARN_UNREACHABLE_CODE = YES;
				CLANG_WARN__DUPLICATE_METHOD_MATCH = YES;
				"CODE_SIGN_IDENTITY[sdk=iphoneos*]" = "iPhone Developer";
				COPY_PHASE_STRIP = NO;
				ENABLE_STRICT_OBJC_MSGSEND = YES;
				GCC_C_LANGUAGE_STANDARD = gnu99;
				GCC_DYNAMIC_NO_PIC = NO;
				GCC_OPTIMIZATION_LEVEL = 0;
				GCC_PREPROCESSOR_DEFINITIONS = (
					"DEBUG=1",
					"$(inherited)",
				);
				GCC_SYMBOLS_PRIVATE_EXTERN = NO;
				GCC_WARN_64_TO_32_BIT_CONVERSION = YES;
				GCC_WARN_ABOUT_RETURN_TYPE = YES_ERROR;
				GCC_WARN_UNDECLARED_SELECTOR = YES;
				GCC_WARN_UNINITIALIZED_AUTOS = YES_AGGRESSIVE;
				GCC_WARN_UNUSED_FUNCTION = YES;
				GCC_WARN_UNUSED_VARIABLE = YES;
				IPHONEOS_DEPLOYMENT_TARGET = 8.1;
				MTL_ENABLE_DEBUG_INFO = YES;
				ONLY_ACTIVE_ARCH = YES;
				SDKROOT = iphoneos;
				TARGETED_DEVICE_FAMILY = "1,2";
			};
			name = Debug;
		};
		F2B2ED901A736D76005E886B /* Release */ = {
			isa = XCBuildConfiguration;
			buildSettings = {
				ALWAYS_SEARCH_USER_PATHS = NO;
				CLANG_CXX_LANGUAGE_STANDARD = "gnu++0x";
				CLANG_CXX_LIBRARY = "libc++";
				CLANG_ENABLE_MODULES = YES;
				CLANG_ENABLE_OBJC_ARC = YES;
				CLANG_WARN_BOOL_CONVERSION = YES;
				CLANG_WARN_CONSTANT_CONVERSION = YES;
				CLANG_WARN_DIRECT_OBJC_ISA_USAGE = YES_ERROR;
				CLANG_WARN_EMPTY_BODY = YES;
				CLANG_WARN_ENUM_CONVERSION = YES;
				CLANG_WARN_INT_CONVERSION = YES;
				CLANG_WARN_OBJC_ROOT_CLASS = YES_ERROR;
				CLANG_WARN_UNREACHABLE_CODE = YES;
				CLANG_WARN__DUPLICATE_METHOD_MATCH = YES;
				"CODE_SIGN_IDENTITY[sdk=iphoneos*]" = "iPhone Developer";
				COPY_PHASE_STRIP = YES;
				ENABLE_NS_ASSERTIONS = NO;
				ENABLE_STRICT_OBJC_MSGSEND = YES;
				GCC_C_LANGUAGE_STANDARD = gnu99;
				GCC_WARN_64_TO_32_BIT_CONVERSION = YES;
				GCC_WARN_ABOUT_RETURN_TYPE = YES_ERROR;
				GCC_WARN_UNDECLARED_SELECTOR = YES;
				GCC_WARN_UNINITIALIZED_AUTOS = YES_AGGRESSIVE;
				GCC_WARN_UNUSED_FUNCTION = YES;
				GCC_WARN_UNUSED_VARIABLE = YES;
				IPHONEOS_DEPLOYMENT_TARGET = 8.1;
				MTL_ENABLE_DEBUG_INFO = NO;
				SDKROOT = iphoneos;
				TARGETED_DEVICE_FAMILY = "1,2";
				VALIDATE_PRODUCT = YES;
			};
			name = Release;
		};
		F2B2ED921A736D76005E886B /* Debug */ = {
			isa = XCBuildConfiguration;
			buildSettings = {
				ASSETCATALOG_COMPILER_APPICON_NAME = AppIcon;
				INFOPLIST_FILE = StatusBarTutorial/Info.plist;
				LD_RUNPATH_SEARCH_PATHS = "$(inherited) @executable_path/Frameworks";
				PRODUCT_NAME = "$(TARGET_NAME)";
			};
			name = Debug;
		};
		F2B2ED931A736D76005E886B /* Release */ = {
			isa = XCBuildConfiguration;
			buildSettings = {
				ASSETCATALOG_COMPILER_APPICON_NAME = AppIcon;
				INFOPLIST_FILE = StatusBarTutorial/Info.plist;
				LD_RUNPATH_SEARCH_PATHS = "$(inherited) @executable_path/Frameworks";
				PRODUCT_NAME = "$(TARGET_NAME)";
			};
			name = Release;
		};
		F2B2ED951A736D76005E886B /* Debug */ = {
			isa = XCBuildConfiguration;
			buildSettings = {
				BUNDLE_LOADER = "$(TEST_HOST)";
				FRAMEWORK_SEARCH_PATHS = (
					"$(SDKROOT)/Developer/Library/Frameworks",
					"$(inherited)",
				);
				GCC_PREPROCESSOR_DEFINITIONS = (
					"DEBUG=1",
					"$(inherited)",
				);
				INFOPLIST_FILE = StatusBarTutorialTests/Info.plist;
				LD_RUNPATH_SEARCH_PATHS = "$(inherited) @executable_path/Frameworks @loader_path/Frameworks";
				PRODUCT_NAME = "$(TARGET_NAME)";
				TEST_HOST = "$(BUILT_PRODUCTS_DIR)/StatusBarTutorial.app/StatusBarTutorial";
			};
			name = Debug;
		};
		F2B2ED961A736D76005E886B /* Release */ = {
			isa = XCBuildConfiguration;
			buildSettings = {
				BUNDLE_LOADER = "$(TEST_HOST)";
				FRAMEWORK_SEARCH_PATHS = (
					"$(SDKROOT)/Developer/Library/Frameworks",
					"$(inherited)",
				);
				INFOPLIST_FILE = StatusBarTutorialTests/Info.plist;
				LD_RUNPATH_SEARCH_PATHS = "$(inherited) @executable_path/Frameworks @loader_path/Frameworks";
				PRODUCT_NAME = "$(TARGET_NAME)";
				TEST_HOST = "$(BUILT_PRODUCTS_DIR)/StatusBarTutorial.app/StatusBarTutorial";
			};
			name = Release;
		};
/* End XCBuildConfiguration section */

/* Begin XCConfigurationList section */
		F2B2ED691A736D76005E886B /* Build configuration list for PBXProject "StatusBarTutorial" */ = {
			isa = XCConfigurationList;
			buildConfigurations = (
				F2B2ED8F1A736D76005E886B /* Debug */,
				F2B2ED901A736D76005E886B /* Release */,
			);
			defaultConfigurationIsVisible = 0;
			defaultConfigurationName = Release;
		};
		F2B2ED911A736D76005E886B /* Build configuration list for PBXNativeTarget "StatusBarTutorial" */ = {
			isa = XCConfigurationList;
			buildConfigurations = (
				F2B2ED921A736D76005E886B /* Debug */,
				F2B2ED931A736D76005E886B /* Release */,
			);
			defaultConfigurationIsVisible = 0;
		};
		F2B2ED941A736D76005E886B /* Build configuration list for PBXNativeTarget "StatusBarTutorialTests" */ = {
			isa = XCConfigurationList;
			buildConfigurations = (
				F2B2ED951A736D76005E886B /* Debug */,
				F2B2ED961A736D76005E886B /* Release */,
			);
			defaultConfigurationIsVisible = 0;
		};
/* End XCConfigurationList section */
	};
	rootObject = F2B2ED661A736D76005E886B /* Project object */;
}
