// !$*UTF8*$!
{
	archiveVersion = 1;
	classes = {
	};
	objectVersion = 46;
	objects = {

/* Begin PBXBuildFile section */
		F225F1FE1AF68B04007CBD00 /* AppDelegate.swift in Sources */ = {isa = PBXBuildFile; fileRef = F225F1FD1AF68B04007CBD00 /* AppDelegate.swift */; };
		F225F2001AF68B04007CBD00 /* ViewController.swift in Sources */ = {isa = PBXBuildFile; fileRef = F225F1FF1AF68B04007CBD00 /* ViewController.swift */; };
		F225F2031AF68B04007CBD00 /* Main.storyboard in Resources */ = {isa = PBXBuildFile; fileRef = F225F2011AF68B04007CBD00 /* Main.storyboard */; };
		F225F2051AF68B04007CBD00 /* Images.xcassets in Resources */ = {isa = PBXBuildFile; fileRef = F225F2041AF68B04007CBD00 /* Images.xcassets */; };
		F225F2081AF68B04007CBD00 /* LaunchScreen.xib in Resources */ = {isa = PBXBuildFile; fileRef = F225F2061AF68B04007CBD00 /* LaunchScreen.xib */; };
		F225F2141AF68B04007CBD00 /* ForLoopSwiftTests.swift in Sources */ = {isa = PBXBuildFile; fileRef = F225F2131AF68B04007CBD00 /* ForLoopSwiftTests.swift */; };
/* End PBXBuildFile section */

/* Begin PBXContainerItemProxy section */
		F225F20E1AF68B04007CBD00 /* PBXContainerItemProxy */ = {
			isa = PBXContainerItemProxy;
			containerPortal = F225F1F01AF68B04007CBD00 /* Project object */;
			proxyType = 1;
			remoteGlobalIDString = F225F1F71AF68B04007CBD00;
			remoteInfo = ForLoopSwift;
		};
/* End PBXContainerItemProxy section */

/* Begin PBXFileReference section */
		F225F1F81AF68B04007CBD00 /* ForLoopSwift.app */ = {isa = PBXFileReference; explicitFileType = wrapper.application; includeInIndex = 0; path = ForLoopSwift.app; sourceTree = BUILT_PRODUCTS_DIR; };
		F225F1FC1AF68B04007CBD00 /* Info.plist */ = {isa = PBXFileReference; lastKnownFileType = text.plist.xml; path = Info.plist; sourceTree = "<group>"; };
		F225F1FD1AF68B04007CBD00 /* AppDelegate.swift */ = {isa = PBXFileReference; lastKnownFileType = sourcecode.swift; path = AppDelegate.swift; sourceTree = "<group>"; };
		F225F1FF1AF68B04007CBD00 /* ViewController.swift */ = {isa = PBXFileReference; lastKnownFileType = sourcecode.swift; path = ViewController.swift; sourceTree = "<group>"; };
		F225F2021AF68B04007CBD00 /* Base */ = {isa = PBXFileReference; lastKnownFileType = file.storyboard; name = Base; path = Base.lproj/Main.storyboard; sourceTree = "<group>"; };
		F225F2041AF68B04007CBD00 /* Images.xcassets */ = {isa = PBXFileReference; lastKnownFileType = folder.assetcatalog; path = Images.xcassets; sourceTree = "<group>"; };
		F225F2071AF68B04007CBD00 /* Base */ = {isa = PBXFileReference; lastKnownFileType = file.xib; name = Base; path = Base.lproj/LaunchScreen.xib; sourceTree = "<group>"; };
		F225F20D1AF68B04007CBD00 /* ForLoopSwiftTests.xctest */ = {isa = PBXFileReference; explicitFileType = wrapper.cfbundle; includeInIndex = 0; path = ForLoopSwiftTests.xctest; sourceTree = BUILT_PRODUCTS_DIR; };
		F225F2121AF68B04007CBD00 /* Info.plist */ = {isa = PBXFileReference; lastKnownFileType = text.plist.xml; path = Info.plist; sourceTree = "<group>"; };
		F225F2131AF68B04007CBD00 /* ForLoopSwiftTests.swift */ = {isa = PBXFileReference; lastKnownFileType = sourcecode.swift; path = ForLoopSwiftTests.swift; sourceTree = "<group>"; };
/* End PBXFileReference section */

/* Begin PBXFrameworksBuildPhase section */
		F225F1F51AF68B04007CBD00 /* Frameworks */ = {
			isa = PBXFrameworksBuildPhase;
			buildActionMask = 2147483647;
			files = (
			);
			runOnlyForDeploymentPostprocessing = 0;
		};
		F225F20A1AF68B04007CBD00 /* Frameworks */ = {
			isa = PBXFrameworksBuildPhase;
			buildActionMask = 2147483647;
			files = (
			);
			runOnlyForDeploymentPostprocessing = 0;
		};
/* End PBXFrameworksBuildPhase section */

/* Begin PBXGroup section */
		F225F1EF1AF68B04007CBD00 = {
			isa = PBXGroup;
			children = (
				F225F1FA1AF68B04007CBD00 /* ForLoopSwift */,
				F225F2101AF68B04007CBD00 /* ForLoopSwiftTests */,
				F225F1F91AF68B04007CBD00 /* Products */,
			);
			sourceTree = "<group>";
		};
		F225F1F91AF68B04007CBD00 /* Products */ = {
			isa = PBXGroup;
			children = (
				F225F1F81AF68B04007CBD00 /* ForLoopSwift.app */,
				F225F20D1AF68B04007CBD00 /* ForLoopSwiftTests.xctest */,
			);
			name = Products;
			sourceTree = "<group>";
		};
		F225F1FA1AF68B04007CBD00 /* ForLoopSwift */ = {
			isa = PBXGroup;
			children = (
				F225F1FD1AF68B04007CBD00 /* AppDelegate.swift */,
				F225F1FF1AF68B04007CBD00 /* ViewController.swift */,
				F225F2011AF68B04007CBD00 /* Main.storyboard */,
				F225F2041AF68B04007CBD00 /* Images.xcassets */,
				F225F2061AF68B04007CBD00 /* LaunchScreen.xib */,
				F225F1FB1AF68B04007CBD00 /* Supporting Files */,
			);
			path = ForLoopSwift;
			sourceTree = "<group>";
		};
		F225F1FB1AF68B04007CBD00 /* Supporting Files */ = {
			isa = PBXGroup;
			children = (
				F225F1FC1AF68B04007CBD00 /* Info.plist */,
			);
			name = "Supporting Files";
			sourceTree = "<group>";
		};
		F225F2101AF68B04007CBD00 /* ForLoopSwiftTests */ = {
			isa = PBXGroup;
			children = (
				F225F2131AF68B04007CBD00 /* ForLoopSwiftTests.swift */,
				F225F2111AF68B04007CBD00 /* Supporting Files */,
			);
			path = ForLoopSwiftTests;
			sourceTree = "<group>";
		};
		F225F2111AF68B04007CBD00 /* Supporting Files */ = {
			isa = PBXGroup;
			children = (
				F225F2121AF68B04007CBD00 /* Info.plist */,
			);
			name = "Supporting Files";
			sourceTree = "<group>";
		};
/* End PBXGroup section */

/* Begin PBXNativeTarget section */
		F225F1F71AF68B04007CBD00 /* ForLoopSwift */ = {
			isa = PBXNativeTarget;
			buildConfigurationList = F225F2171AF68B04007CBD00 /* Build configuration list for PBXNativeTarget "ForLoopSwift" */;
			buildPhases = (
				F225F1F41AF68B04007CBD00 /* Sources */,
				F225F1F51AF68B04007CBD00 /* Frameworks */,
				F225F1F61AF68B04007CBD00 /* Resources */,
			);
			buildRules = (
			);
			dependencies = (
			);
			name = ForLoopSwift;
			productName = ForLoopSwift;
			productReference = F225F1F81AF68B04007CBD00 /* ForLoopSwift.app */;
			productType = "com.apple.product-type.application";
		};
		F225F20C1AF68B04007CBD00 /* ForLoopSwiftTests */ = {
			isa = PBXNativeTarget;
			buildConfigurationList = F225F21A1AF68B04007CBD00 /* Build configuration list for PBXNativeTarget "ForLoopSwiftTests" */;
			buildPhases = (
				F225F2091AF68B04007CBD00 /* Sources */,
				F225F20A1AF68B04007CBD00 /* Frameworks */,
				F225F20B1AF68B04007CBD00 /* Resources */,
			);
			buildRules = (
			);
			dependencies = (
				F225F20F1AF68B04007CBD00 /* PBXTargetDependency */,
			);
			name = ForLoopSwiftTests;
			productName = ForLoopSwiftTests;
			productReference = F225F20D1AF68B04007CBD00 /* ForLoopSwiftTests.xctest */;
			productType = "com.apple.product-type.bundle.unit-test";
		};
/* End PBXNativeTarget section */

/* Begin PBXProject section */
		F225F1F01AF68B04007CBD00 /* Project object */ = {
			isa = PBXProject;
			attributes = {
				LastUpgradeCheck = 0630;
				ORGANIZATIONNAME = "Vinita Miranda";
				TargetAttributes = {
					F225F1F71AF68B04007CBD00 = {
						CreatedOnToolsVersion = 6.3;
					};
					F225F20C1AF68B04007CBD00 = {
						CreatedOnToolsVersion = 6.3;
						TestTargetID = F225F1F71AF68B04007CBD00;
					};
				};
			};
			buildConfigurationList = F225F1F31AF68B04007CBD00 /* Build configuration list for PBXProject "ForLoopSwift" */;
			compatibilityVersion = "Xcode 3.2";
			developmentRegion = English;
			hasScannedForEncodings = 0;
			knownRegions = (
				en,
				Base,
			);
			mainGroup = F225F1EF1AF68B04007CBD00;
			productRefGroup = F225F1F91AF68B04007CBD00 /* Products */;
			projectDirPath = "";
			projectRoot = "";
			targets = (
				F225F1F71AF68B04007CBD00 /* ForLoopSwift */,
				F225F20C1AF68B04007CBD00 /* ForLoopSwiftTests */,
			);
		};
/* End PBXProject section */

/* Begin PBXResourcesBuildPhase section */
		F225F1F61AF68B04007CBD00 /* Resources */ = {
			isa = PBXResourcesBuildPhase;
			buildActionMask = 2147483647;
			files = (
				F225F2031AF68B04007CBD00 /* Main.storyboard in Resources */,
				F225F2081AF68B04007CBD00 /* LaunchScreen.xib in Resources */,
				F225F2051AF68B04007CBD00 /* Images.xcassets in Resources */,
			);
			runOnlyForDeploymentPostprocessing = 0;
		};
		F225F20B1AF68B04007CBD00 /* Resources */ = {
			isa = PBXResourcesBuildPhase;
			buildActionMask = 2147483647;
			files = (
			);
			runOnlyForDeploymentPostprocessing = 0;
		};
/* End PBXResourcesBuildPhase section */

/* Begin PBXSourcesBuildPhase section */
		F225F1F41AF68B04007CBD00 /* Sources */ = {
			isa = PBXSourcesBuildPhase;
			buildActionMask = 2147483647;
			files = (
				F225F2001AF68B04007CBD00 /* ViewController.swift in Sources */,
				F225F1FE1AF68B04007CBD00 /* AppDelegate.swift in Sources */,
			);
			runOnlyForDeploymentPostprocessing = 0;
		};
		F225F2091AF68B04007CBD00 /* Sources */ = {
			isa = PBXSourcesBuildPhase;
			buildActionMask = 2147483647;
			files = (
				F225F2141AF68B04007CBD00 /* ForLoopSwiftTests.swift in Sources */,
			);
			runOnlyForDeploymentPostprocessing = 0;
		};
/* End PBXSourcesBuildPhase section */

/* Begin PBXTargetDependency section */
		F225F20F1AF68B04007CBD00 /* PBXTargetDependency */ = {
			isa = PBXTargetDependency;
			target = F225F1F71AF68B04007CBD00 /* ForLoopSwift */;
			targetProxy = F225F20E1AF68B04007CBD00 /* PBXContainerItemProxy */;
		};
/* End PBXTargetDependency section */

/* Begin PBXVariantGroup section */
		F225F2011AF68B04007CBD00 /* Main.storyboard */ = {
			isa = PBXVariantGroup;
			children = (
				F225F2021AF68B04007CBD00 /* Base */,
			);
			name = Main.storyboard;
			sourceTree = "<group>";
		};
		F225F2061AF68B04007CBD00 /* LaunchScreen.xib */ = {
			isa = PBXVariantGroup;
			children = (
				F225F2071AF68B04007CBD00 /* Base */,
			);
			name = LaunchScreen.xib;
			sourceTree = "<group>";
		};
/* End PBXVariantGroup section */

/* Begin XCBuildConfiguration section */
		F225F2151AF68B04007CBD00 /* Debug */ = {
			isa = XCBuildConfiguration;
			buildSettings = {
				ALWAYS_SEARCH_USER_PATHS = NO;
				CLANG_CXX_LANGUAGE_STANDARD = "gnu++0x";
				CLANG_CXX_LIBRARY = "libc++";
				CLANG_ENABLE_MODULES = YES;
				CLANG_ENABLE_OBJC_ARC = YES;
				CLANG_WARN_BOOL_CONVERSION = YES;
				CLANG_WARN_CONSTANT_CONVERSION = YES;
				CLANG_WARN_DIRECT_OBJC_ISA_USAGE = YES_ERROR;
				CLANG_WARN_EMPTY_BODY = YES;
				CLANG_WARN_ENUM_CONVERSION = YES;
				CLANG_WARN_INT_CONVERSION = YES;
				CLANG_WARN_OBJC_ROOT_CLASS = YES_ERROR;
				CLANG_WARN_UNREACHABLE_CODE = YES;
				CLANG_WARN__DUPLICATE_METHOD_MATCH = YES;
				"CODE_SIGN_IDENTITY[sdk=iphoneos*]" = "iPhone Developer";
				COPY_PHASE_STRIP = NO;
				DEBUG_INFORMATION_FORMAT = "dwarf-with-dsym";
				ENABLE_STRICT_OBJC_MSGSEND = YES;
				GCC_C_LANGUAGE_STANDARD = gnu99;
				GCC_DYNAMIC_NO_PIC = NO;
				GCC_NO_COMMON_BLOCKS = YES;
				GCC_OPTIMIZATION_LEVEL = 0;
				GCC_PREPROCESSOR_DEFINITIONS = (
					"DEBUG=1",
					"$(inherited)",
				);
				GCC_SYMBOLS_PRIVATE_EXTERN = NO;
				GCC_WARN_64_TO_32_BIT_CONVERSION = YES;
				GCC_WARN_ABOUT_RETURN_TYPE = YES_ERROR;
				GCC_WARN_UNDECLARED_SELECTOR = YES;
				GCC_WARN_UNINITIALIZED_AUTOS = YES_AGGRESSIVE;
				GCC_WARN_UNUSED_FUNCTION = YES;
				GCC_WARN_UNUSED_VARIABLE = YES;
				IPHONEOS_DEPLOYMENT_TARGET = 8.3;
				MTL_ENABLE_DEBUG_INFO = YES;
				ONLY_ACTIVE_ARCH = YES;
				SDKROOT = iphoneos;
				SWIFT_OPTIMIZATION_LEVEL = "-Onone";
			};
			name = Debug;
		};
		F225F2161AF68B04007CBD00 /* Release */ = {
			isa = XCBuildConfiguration;
			buildSettings = {
				ALWAYS_SEARCH_USER_PATHS = NO;
				CLANG_CXX_LANGUAGE_STANDARD = "gnu++0x";
				CLANG_CXX_LIBRARY = "libc++";
				CLANG_ENABLE_MODULES = YES;
				CLANG_ENABLE_OBJC_ARC = YES;
				CLANG_WARN_BOOL_CONVERSION = YES;
				CLANG_WARN_CONSTANT_CONVERSION = YES;
				CLANG_WARN_DIRECT_OBJC_ISA_USAGE = YES_ERROR;
				CLANG_WARN_EMPTY_BODY = YES;
				CLANG_WARN_ENUM_CONVERSION = YES;
				CLANG_WARN_INT_CONVERSION = YES;
				CLANG_WARN_OBJC_ROOT_CLASS = YES_ERROR;
				CLANG_WARN_UNREACHABLE_CODE = YES;
				CLANG_WARN__DUPLICATE_METHOD_MATCH = YES;
				"CODE_SIGN_IDENTITY[sdk=iphoneos*]" = "iPhone Developer";
				COPY_PHASE_STRIP = NO;
				DEBUG_INFORMATION_FORMAT = "dwarf-with-dsym";
				ENABLE_NS_ASSERTIONS = NO;
				ENABLE_STRICT_OBJC_MSGSEND = YES;
				GCC_C_LANGUAGE_STANDARD = gnu99;
				GCC_NO_COMMON_BLOCKS = YES;
				GCC_WARN_64_TO_32_BIT_CONVERSION = YES;
				GCC_WARN_ABOUT_RETURN_TYPE = YES_ERROR;
				GCC_WARN_UNDECLARED_SELECTOR = YES;
				GCC_WARN_UNINITIALIZED_AUTOS = YES_AGGRESSIVE;
				GCC_WARN_UNUSED_FUNCTION = YES;
				GCC_WARN_UNUSED_VARIABLE = YES;
				IPHONEOS_DEPLOYMENT_TARGET = 8.3;
				MTL_ENABLE_DEBUG_INFO = NO;
				SDKROOT = iphoneos;
				VALIDATE_PRODUCT = YES;
			};
			name = Release;
		};
		F225F2181AF68B04007CBD00 /* Debug */ = {
			isa = XCBuildConfiguration;
			buildSettings = {
				ASSETCATALOG_COMPILER_APPICON_NAME = AppIcon;
				INFOPLIST_FILE = ForLoopSwift/Info.plist;
				LD_RUNPATH_SEARCH_PATHS = "$(inherited) @executable_path/Frameworks";
				PRODUCT_NAME = "$(TARGET_NAME)";
			};
			name = Debug;
		};
		F225F2191AF68B04007CBD00 /* Release */ = {
			isa = XCBuildConfiguration;
			buildSettings = {
				ASSETCATALOG_COMPILER_APPICON_NAME = AppIcon;
				INFOPLIST_FILE = ForLoopSwift/Info.plist;
				LD_RUNPATH_SEARCH_PATHS = "$(inherited) @executable_path/Frameworks";
				PRODUCT_NAME = "$(TARGET_NAME)";
			};
			name = Release;
		};
		F225F21B1AF68B04007CBD00 /* Debug */ = {
			isa = XCBuildConfiguration;
			buildSettings = {
				BUNDLE_LOADER = "$(TEST_HOST)";
				FRAMEWORK_SEARCH_PATHS = (
					"$(SDKROOT)/Developer/Library/Frameworks",
					"$(inherited)",
				);
				GCC_PREPROCESSOR_DEFINITIONS = (
					"DEBUG=1",
					"$(inherited)",
				);
				INFOPLIST_FILE = ForLoopSwiftTests/Info.plist;
				LD_RUNPATH_SEARCH_PATHS = "$(inherited) @executable_path/Frameworks @loader_path/Frameworks";
				PRODUCT_NAME = "$(TARGET_NAME)";
				TEST_HOST = "$(BUILT_PRODUCTS_DIR)/ForLoopSwift.app/ForLoopSwift";
			};
			name = Debug;
		};
		F225F21C1AF68B04007CBD00 /* Release */ = {
			isa = XCBuildConfiguration;
			buildSettings = {
				BUNDLE_LOADER = "$(TEST_HOST)";
				FRAMEWORK_SEARCH_PATHS = (
					"$(SDKROOT)/Developer/Library/Frameworks",
					"$(inherited)",
				);
				INFOPLIST_FILE = ForLoopSwiftTests/Info.plist;
				LD_RUNPATH_SEARCH_PATHS = "$(inherited) @executable_path/Frameworks @loader_path/Frameworks";
				PRODUCT_NAME = "$(TARGET_NAME)";
				TEST_HOST = "$(BUILT_PRODUCTS_DIR)/ForLoopSwift.app/ForLoopSwift";
			};
			name = Release;
		};
/* End XCBuildConfiguration section */

/* Begin XCConfigurationList section */
		F225F1F31AF68B04007CBD00 /* Build configuration list for PBXProject "ForLoopSwift" */ = {
			isa = XCConfigurationList;
			buildConfigurations = (
				F225F2151AF68B04007CBD00 /* Debug */,
				F225F2161AF68B04007CBD00 /* Release */,
			);
			defaultConfigurationIsVisible = 0;
			defaultConfigurationName = Release;
		};
		F225F2171AF68B04007CBD00 /* Build configuration list for PBXNativeTarget "ForLoopSwift" */ = {
			isa = XCConfigurationList;
			buildConfigurations = (
				F225F2181AF68B04007CBD00 /* Debug */,
				F225F2191AF68B04007CBD00 /* Release */,
			);
			defaultConfigurationIsVisible = 0;
		};
		F225F21A1AF68B04007CBD00 /* Build configuration list for PBXNativeTarget "ForLoopSwiftTests" */ = {
			isa = XCConfigurationList;
			buildConfigurations = (
				F225F21B1AF68B04007CBD00 /* Debug */,
				F225F21C1AF68B04007CBD00 /* Release */,
			);
			defaultConfigurationIsVisible = 0;
		};
/* End XCConfigurationList section */
	};
	rootObject = F225F1F01AF68B04007CBD00 /* Project object */;
}
