// !$*UTF8*$!
{
	archiveVersion = 1;
	classes = {
	};
	objectVersion = 46;
	objects = {

/* Begin PBXBuildFile section */
		F2B2EDA61A737117005E886B /* main.m in Sources */ = {isa = PBXBuildFile; fileRef = F2B2EDA51A737117005E886B /* main.m */; };
		F2B2EDA91A737117005E886B /* AppDelegate.m in Sources */ = {isa = PBXBuildFile; fileRef = F2B2EDA81A737117005E886B /* AppDelegate.m */; };
		F2B2EDAC1A737117005E886B /* ViewController.m in Sources */ = {isa = PBXBuildFile; fileRef = F2B2EDAB1A737117005E886B /* ViewController.m */; };
		F2B2EDAF1A737117005E886B /* Main.storyboard in Resources */ = {isa = PBXBuildFile; fileRef = F2B2EDAD1A737117005E886B /* Main.storyboard */; };
		F2B2EDB11A737117005E886B /* Images.xcassets in Resources */ = {isa = PBXBuildFile; fileRef = F2B2EDB01A737117005E886B /* Images.xcassets */; };
		F2B2EDB41A737117005E886B /* LaunchScreen.xib in Resources */ = {isa = PBXBuildFile; fileRef = F2B2EDB21A737117005E886B /* LaunchScreen.xib */; };
		F2B2EDC01A737117005E886B /* NavigationControllerTutorialTests.m in Sources */ = {isa = PBXBuildFile; fileRef = F2B2EDBF1A737117005E886B /* NavigationControllerTutorialTests.m */; };
		F2B2EDCB1A7371C7005E886B /* DetailedViewController.m in Sources */ = {isa = PBXBuildFile; fileRef = F2B2EDCA1A7371C7005E886B /* DetailedViewController.m */; };
/* End PBXBuildFile section */

/* Begin PBXContainerItemProxy section */
		F2B2EDBA1A737117005E886B /* PBXContainerItemProxy */ = {
			isa = PBXContainerItemProxy;
			containerPortal = F2B2ED981A737117005E886B /* Project object */;
			proxyType = 1;
			remoteGlobalIDString = F2B2ED9F1A737117005E886B;
			remoteInfo = NavigationControllerTutorial;
		};
/* End PBXContainerItemProxy section */

/* Begin PBXFileReference section */
		F2B2EDA01A737117005E886B /* NavigationControllerTutorial.app */ = {isa = PBXFileReference; explicitFileType = wrapper.application; includeInIndex = 0; path = NavigationControllerTutorial.app; sourceTree = BUILT_PRODUCTS_DIR; };
		F2B2EDA41A737117005E886B /* Info.plist */ = {isa = PBXFileReference; lastKnownFileType = text.plist.xml; path = Info.plist; sourceTree = "<group>"; };
		F2B2EDA51A737117005E886B /* main.m */ = {isa = PBXFileReference; lastKnownFileType = sourcecode.c.objc; path = main.m; sourceTree = "<group>"; };
		F2B2EDA71A737117005E886B /* AppDelegate.h */ = {isa = PBXFileReference; lastKnownFileType = sourcecode.c.h; path = AppDelegate.h; sourceTree = "<group>"; };
		F2B2EDA81A737117005E886B /* AppDelegate.m */ = {isa = PBXFileReference; lastKnownFileType = sourcecode.c.objc; path = AppDelegate.m; sourceTree = "<group>"; };
		F2B2EDAA1A737117005E886B /* ViewController.h */ = {isa = PBXFileReference; lastKnownFileType = sourcecode.c.h; path = ViewController.h; sourceTree = "<group>"; };
		F2B2EDAB1A737117005E886B /* ViewController.m */ = {isa = PBXFileReference; lastKnownFileType = sourcecode.c.objc; path = ViewController.m; sourceTree = "<group>"; };
		F2B2EDAE1A737117005E886B /* Base */ = {isa = PBXFileReference; lastKnownFileType = file.storyboard; name = Base; path = Base.lproj/Main.storyboard; sourceTree = "<group>"; };
		F2B2EDB01A737117005E886B /* Images.xcassets */ = {isa = PBXFileReference; lastKnownFileType = folder.assetcatalog; path = Images.xcassets; sourceTree = "<group>"; };
		F2B2EDB31A737117005E886B /* Base */ = {isa = PBXFileReference; lastKnownFileType = file.xib; name = Base; path = Base.lproj/LaunchScreen.xib; sourceTree = "<group>"; };
		F2B2EDB91A737117005E886B /* NavigationControllerTutorialTests.xctest */ = {isa = PBXFileReference; explicitFileType = wrapper.cfbundle; includeInIndex = 0; path = NavigationControllerTutorialTests.xctest; sourceTree = BUILT_PRODUCTS_DIR; };
		F2B2EDBE1A737117005E886B /* Info.plist */ = {isa = PBXFileReference; lastKnownFileType = text.plist.xml; path = Info.plist; sourceTree = "<group>"; };
		F2B2EDBF1A737117005E886B /* NavigationControllerTutorialTests.m */ = {isa = PBXFileReference; lastKnownFileType = sourcecode.c.objc; path = NavigationControllerTutorialTests.m; sourceTree = "<group>"; };
		F2B2EDC91A7371C7005E886B /* DetailedViewController.h */ = {isa = PBXFileReference; fileEncoding = 4; lastKnownFileType = sourcecode.c.h; path = DetailedViewController.h; sourceTree = "<group>"; };
		F2B2EDCA1A7371C7005E886B /* DetailedViewController.m */ = {isa = PBXFileReference; fileEncoding = 4; lastKnownFileType = sourcecode.c.objc; path = DetailedViewController.m; sourceTree = "<group>"; };
/* End PBXFileReference section */

/* Begin PBXFrameworksBuildPhase section */
		F2B2ED9D1A737117005E886B /* Frameworks */ = {
			isa = PBXFrameworksBuildPhase;
			buildActionMask = 2147483647;
			files = (
			);
			runOnlyForDeploymentPostprocessing = 0;
		};
		F2B2EDB61A737117005E886B /* Frameworks */ = {
			isa = PBXFrameworksBuildPhase;
			buildActionMask = 2147483647;
			files = (
			);
			runOnlyForDeploymentPostprocessing = 0;
		};
/* End PBXFrameworksBuildPhase section */

/* Begin PBXGroup section */
		F2B2ED971A737117005E886B = {
			isa = PBXGroup;
			children = (
				F2B2EDA21A737117005E886B /* NavigationControllerTutorial */,
				F2B2EDBC1A737117005E886B /* NavigationControllerTutorialTests */,
				F2B2EDA11A737117005E886B /* Products */,
			);
			sourceTree = "<group>";
		};
		F2B2EDA11A737117005E886B /* Products */ = {
			isa = PBXGroup;
			children = (
				F2B2EDA01A737117005E886B /* NavigationControllerTutorial.app */,
				F2B2EDB91A737117005E886B /* NavigationControllerTutorialTests.xctest */,
			);
			name = Products;
			sourceTree = "<group>";
		};
		F2B2EDA21A737117005E886B /* NavigationControllerTutorial */ = {
			isa = PBXGroup;
			children = (
				F2B2EDA71A737117005E886B /* AppDelegate.h */,
				F2B2EDA81A737117005E886B /* AppDelegate.m */,
				F2B2EDAA1A737117005E886B /* ViewController.h */,
				F2B2EDAB1A737117005E886B /* ViewController.m */,
				F2B2EDC91A7371C7005E886B /* DetailedViewController.h */,
				F2B2EDCA1A7371C7005E886B /* DetailedViewController.m */,
				F2B2EDAD1A737117005E886B /* Main.storyboard */,
				F2B2EDB01A737117005E886B /* Images.xcassets */,
				F2B2EDB21A737117005E886B /* LaunchScreen.xib */,
				F2B2EDA31A737117005E886B /* Supporting Files */,
			);
			path = NavigationControllerTutorial;
			sourceTree = "<group>";
		};
		F2B2EDA31A737117005E886B /* Supporting Files */ = {
			isa = PBXGroup;
			children = (
				F2B2EDA41A737117005E886B /* Info.plist */,
				F2B2EDA51A737117005E886B /* main.m */,
			);
			name = "Supporting Files";
			sourceTree = "<group>";
		};
		F2B2EDBC1A737117005E886B /* NavigationControllerTutorialTests */ = {
			isa = PBXGroup;
			children = (
				F2B2EDBF1A737117005E886B /* NavigationControllerTutorialTests.m */,
				F2B2EDBD1A737117005E886B /* Supporting Files */,
			);
			path = NavigationControllerTutorialTests;
			sourceTree = "<group>";
		};
		F2B2EDBD1A737117005E886B /* Supporting Files */ = {
			isa = PBXGroup;
			children = (
				F2B2EDBE1A737117005E886B /* Info.plist */,
			);
			name = "Supporting Files";
			sourceTree = "<group>";
		};
/* End PBXGroup section */

/* Begin PBXNativeTarget section */
		F2B2ED9F1A737117005E886B /* NavigationControllerTutorial */ = {
			isa = PBXNativeTarget;
			buildConfigurationList = F2B2EDC31A737117005E886B /* Build configuration list for PBXNativeTarget "NavigationControllerTutorial" */;
			buildPhases = (
				F2B2ED9C1A737117005E886B /* Sources */,
				F2B2ED9D1A737117005E886B /* Frameworks */,
				F2B2ED9E1A737117005E886B /* Resources */,
			);
			buildRules = (
			);
			dependencies = (
			);
			name = NavigationControllerTutorial;
			productName = NavigationControllerTutorial;
			productReference = F2B2EDA01A737117005E886B /* NavigationControllerTutorial.app */;
			productType = "com.apple.product-type.application";
		};
		F2B2EDB81A737117005E886B /* NavigationControllerTutorialTests */ = {
			isa = PBXNativeTarget;
			buildConfigurationList = F2B2EDC61A737117005E886B /* Build configuration list for PBXNativeTarget "NavigationControllerTutorialTests" */;
			buildPhases = (
				F2B2EDB51A737117005E886B /* Sources */,
				F2B2EDB61A737117005E886B /* Frameworks */,
				F2B2EDB71A737117005E886B /* Resources */,
			);
			buildRules = (
			);
			dependencies = (
				F2B2EDBB1A737117005E886B /* PBXTargetDependency */,
			);
			name = NavigationControllerTutorialTests;
			productName = NavigationControllerTutorialTests;
			productReference = F2B2EDB91A737117005E886B /* NavigationControllerTutorialTests.xctest */;
			productType = "com.apple.product-type.bundle.unit-test";
		};
/* End PBXNativeTarget section */

/* Begin PBXProject section */
		F2B2ED981A737117005E886B /* Project object */ = {
			isa = PBXProject;
			attributes = {
				LastUpgradeCheck = 0610;
				ORGANIZATIONNAME = "Vinita Miranda";
				TargetAttributes = {
					F2B2ED9F1A737117005E886B = {
						CreatedOnToolsVersion = 6.1.1;
					};
					F2B2EDB81A737117005E886B = {
						CreatedOnToolsVersion = 6.1.1;
						TestTargetID = F2B2ED9F1A737117005E886B;
					};
				};
			};
			buildConfigurationList = F2B2ED9B1A737117005E886B /* Build configuration list for PBXProject "NavigationControllerTutorial" */;
			compatibilityVersion = "Xcode 3.2";
			developmentRegion = English;
			hasScannedForEncodings = 0;
			knownRegions = (
				en,
				Base,
			);
			mainGroup = F2B2ED971A737117005E886B;
			productRefGroup = F2B2EDA11A737117005E886B /* Products */;
			projectDirPath = "";
			projectRoot = "";
			targets = (
				F2B2ED9F1A737117005E886B /* NavigationControllerTutorial */,
				F2B2EDB81A737117005E886B /* NavigationControllerTutorialTests */,
			);
		};
/* End PBXProject section */

/* Begin PBXResourcesBuildPhase section */
		F2B2ED9E1A737117005E886B /* Resources */ = {
			isa = PBXResourcesBuildPhase;
			buildActionMask = 2147483647;
			files = (
				F2B2EDAF1A737117005E886B /* Main.storyboard in Resources */,
				F2B2EDB41A737117005E886B /* LaunchScreen.xib in Resources */,
				F2B2EDB11A737117005E886B /* Images.xcassets in Resources */,
			);
			runOnlyForDeploymentPostprocessing = 0;
		};
		F2B2EDB71A737117005E886B /* Resources */ = {
			isa = PBXResourcesBuildPhase;
			buildActionMask = 2147483647;
			files = (
			);
			runOnlyForDeploymentPostprocessing = 0;
		};
/* End PBXResourcesBuildPhase section */

/* Begin PBXSourcesBuildPhase section */
		F2B2ED9C1A737117005E886B /* Sources */ = {
			isa = PBXSourcesBuildPhase;
			buildActionMask = 2147483647;
			files = (
				F2B2EDAC1A737117005E886B /* ViewController.m in Sources */,
				F2B2EDA91A737117005E886B /* AppDelegate.m in Sources */,
				F2B2EDCB1A7371C7005E886B /* DetailedViewController.m in Sources */,
				F2B2EDA61A737117005E886B /* main.m in Sources */,
			);
			runOnlyForDeploymentPostprocessing = 0;
		};
		F2B2EDB51A737117005E886B /* Sources */ = {
			isa = PBXSourcesBuildPhase;
			buildActionMask = 2147483647;
			files = (
				F2B2EDC01A737117005E886B /* NavigationControllerTutorialTests.m in Sources */,
			);
			runOnlyForDeploymentPostprocessing = 0;
		};
/* End PBXSourcesBuildPhase section */

/* Begin PBXTargetDependency section */
		F2B2EDBB1A737117005E886B /* PBXTargetDependency */ = {
			isa = PBXTargetDependency;
			target = F2B2ED9F1A737117005E886B /* NavigationControllerTutorial */;
			targetProxy = F2B2EDBA1A737117005E886B /* PBXContainerItemProxy */;
		};
/* End PBXTargetDependency section */

/* Begin PBXVariantGroup section */
		F2B2EDAD1A737117005E886B /* Main.storyboard */ = {
			isa = PBXVariantGroup;
			children = (
				F2B2EDAE1A737117005E886B /* Base */,
			);
			name = Main.storyboard;
			sourceTree = "<group>";
		};
		F2B2EDB21A737117005E886B /* LaunchScreen.xib */ = {
			isa = PBXVariantGroup;
			children = (
				F2B2EDB31A737117005E886B /* Base */,
			);
			name = LaunchScreen.xib;
			sourceTree = "<group>";
		};
/* End PBXVariantGroup section */

/* Begin XCBuildConfiguration section */
		F2B2EDC11A737117005E886B /* Debug */ = {
			isa = XCBuildConfiguration;
			buildSettings = {
				ALWAYS_SEARCH_USER_PATHS = NO;
				CLANG_CXX_LANGUAGE_STANDARD = "gnu++0x";
				CLANG_CXX_LIBRARY = "libc++";
				CLANG_ENABLE_MODULES = YES;
				CLANG_ENABLE_OBJC_ARC = YES;
				CLANG_WARN_BOOL_CONVERSION = YES;
				CLANG_WARN_CONSTANT_CONVERSION = YES;
				CLANG_WARN_DIRECT_OBJC_ISA_USAGE = YES_ERROR;
				CLANG_WARN_EMPTY_BODY = YES;
				CLANG_WARN_ENUM_CONVERSION = YES;
				CLANG_WARN_INT_CONVERSION = YES;
				CLANG_WARN_OBJC_ROOT_CLASS = YES_ERROR;
				CLANG_WARN_UNREACHABLE_CODE = YES;
				CLANG_WARN__DUPLICATE_METHOD_MATCH = YES;
				"CODE_SIGN_IDENTITY[sdk=iphoneos*]" = "iPhone Developer";
				COPY_PHASE_STRIP = NO;
				ENABLE_STRICT_OBJC_MSGSEND = YES;
				GCC_C_LANGUAGE_STANDARD = gnu99;
				GCC_DYNAMIC_NO_PIC = NO;
				GCC_OPTIMIZATION_LEVEL = 0;
				GCC_PREPROCESSOR_DEFINITIONS = (
					"DEBUG=1",
					"$(inherited)",
				);
				GCC_SYMBOLS_PRIVATE_EXTERN = NO;
				GCC_WARN_64_TO_32_BIT_CONVERSION = YES;
				GCC_WARN_ABOUT_RETURN_TYPE = YES_ERROR;
				GCC_WARN_UNDECLARED_SELECTOR = YES;
				GCC_WARN_UNINITIALIZED_AUTOS = YES_AGGRESSIVE;
				GCC_WARN_UNUSED_FUNCTION = YES;
				GCC_WARN_UNUSED_VARIABLE = YES;
				IPHONEOS_DEPLOYMENT_TARGET = 8.1;
				MTL_ENABLE_DEBUG_INFO = YES;
				ONLY_ACTIVE_ARCH = YES;
				SDKROOT = iphoneos;
				TARGETED_DEVICE_FAMILY = "1,2";
			};
			name = Debug;
		};
		F2B2EDC21A737117005E886B /* Release */ = {
			isa = XCBuildConfiguration;
			buildSettings = {
				ALWAYS_SEARCH_USER_PATHS = NO;
				CLANG_CXX_LANGUAGE_STANDARD = "gnu++0x";
				CLANG_CXX_LIBRARY = "libc++";
				CLANG_ENABLE_MODULES = YES;
				CLANG_ENABLE_OBJC_ARC = YES;
				CLANG_WARN_BOOL_CONVERSION = YES;
				CLANG_WARN_CONSTANT_CONVERSION = YES;
				CLANG_WARN_DIRECT_OBJC_ISA_USAGE = YES_ERROR;
				CLANG_WARN_EMPTY_BODY = YES;
				CLANG_WARN_ENUM_CONVERSION = YES;
				CLANG_WARN_INT_CONVERSION = YES;
				CLANG_WARN_OBJC_ROOT_CLASS = YES_ERROR;
				CLANG_WARN_UNREACHABLE_CODE = YES;
				CLANG_WARN__DUPLICATE_METHOD_MATCH = YES;
				"CODE_SIGN_IDENTITY[sdk=iphoneos*]" = "iPhone Developer";
				COPY_PHASE_STRIP = YES;
				ENABLE_NS_ASSERTIONS = NO;
				ENABLE_STRICT_OBJC_MSGSEND = YES;
				GCC_C_LANGUAGE_STANDARD = gnu99;
				GCC_WARN_64_TO_32_BIT_CONVERSION = YES;
				GCC_WARN_ABOUT_RETURN_TYPE = YES_ERROR;
				GCC_WARN_UNDECLARED_SELECTOR = YES;
				GCC_WARN_UNINITIALIZED_AUTOS = YES_AGGRESSIVE;
				GCC_WARN_UNUSED_FUNCTION = YES;
				GCC_WARN_UNUSED_VARIABLE = YES;
				IPHONEOS_DEPLOYMENT_TARGET = 8.1;
				MTL_ENABLE_DEBUG_INFO = NO;
				SDKROOT = iphoneos;
				TARGETED_DEVICE_FAMILY = "1,2";
				VALIDATE_PRODUCT = YES;
			};
			name = Release;
		};
		F2B2EDC41A737117005E886B /* Debug */ = {
			isa = XCBuildConfiguration;
			buildSettings = {
				ASSETCATALOG_COMPILER_APPICON_NAME = AppIcon;
				INFOPLIST_FILE = NavigationControllerTutorial/Info.plist;
				LD_RUNPATH_SEARCH_PATHS = "$(inherited) @executable_path/Frameworks";
				PRODUCT_NAME = "$(TARGET_NAME)";
			};
			name = Debug;
		};
		F2B2EDC51A737117005E886B /* Release */ = {
			isa = XCBuildConfiguration;
			buildSettings = {
				ASSETCATALOG_COMPILER_APPICON_NAME = AppIcon;
				INFOPLIST_FILE = NavigationControllerTutorial/Info.plist;
				LD_RUNPATH_SEARCH_PATHS = "$(inherited) @executable_path/Frameworks";
				PRODUCT_NAME = "$(TARGET_NAME)";
			};
			name = Release;
		};
		F2B2EDC71A737117005E886B /* Debug */ = {
			isa = XCBuildConfiguration;
			buildSettings = {
				BUNDLE_LOADER = "$(TEST_HOST)";
				FRAMEWORK_SEARCH_PATHS = (
					"$(SDKROOT)/Developer/Library/Frameworks",
					"$(inherited)",
				);
				GCC_PREPROCESSOR_DEFINITIONS = (
					"DEBUG=1",
					"$(inherited)",
				);
				INFOPLIST_FILE = NavigationControllerTutorialTests/Info.plist;
				LD_RUNPATH_SEARCH_PATHS = "$(inherited) @executable_path/Frameworks @loader_path/Frameworks";
				PRODUCT_NAME = "$(TARGET_NAME)";
				TEST_HOST = "$(BUILT_PRODUCTS_DIR)/NavigationControllerTutorial.app/NavigationControllerTutorial";
			};
			name = Debug;
		};
		F2B2EDC81A737117005E886B /* Release */ = {
			isa = XCBuildConfiguration;
			buildSettings = {
				BUNDLE_LOADER = "$(TEST_HOST)";
				FRAMEWORK_SEARCH_PATHS = (
					"$(SDKROOT)/Developer/Library/Frameworks",
					"$(inherited)",
				);
				INFOPLIST_FILE = NavigationControllerTutorialTests/Info.plist;
				LD_RUNPATH_SEARCH_PATHS = "$(inherited) @executable_path/Frameworks @loader_path/Frameworks";
				PRODUCT_NAME = "$(TARGET_NAME)";
				TEST_HOST = "$(BUILT_PRODUCTS_DIR)/NavigationControllerTutorial.app/NavigationControllerTutorial";
			};
			name = Release;
		};
/* End XCBuildConfiguration section */

/* Begin XCConfigurationList section */
		F2B2ED9B1A737117005E886B /* Build configuration list for PBXProject "NavigationControllerTutorial" */ = {
			isa = XCConfigurationList;
			buildConfigurations = (
				F2B2EDC11A737117005E886B /* Debug */,
				F2B2EDC21A737117005E886B /* Release */,
			);
			defaultConfigurationIsVisible = 0;
			defaultConfigurationName = Release;
		};
		F2B2EDC31A737117005E886B /* Build configuration list for PBXNativeTarget "NavigationControllerTutorial" */ = {
			isa = XCConfigurationList;
			buildConfigurations = (
				F2B2EDC41A737117005E886B /* Debug */,
				F2B2EDC51A737117005E886B /* Release */,
			);
			defaultConfigurationIsVisible = 0;
		};
		F2B2EDC61A737117005E886B /* Build configuration list for PBXNativeTarget "NavigationControllerTutorialTests" */ = {
			isa = XCConfigurationList;
			buildConfigurations = (
				F2B2EDC71A737117005E886B /* Debug */,
				F2B2EDC81A737117005E886B /* Release */,
			);
			defaultConfigurationIsVisible = 0;
		};
/* End XCConfigurationList section */
	};
	rootObject = F2B2ED981A737117005E886B /* Project object */;
}
