// !$*UTF8*$!
{
	archiveVersion = 1;
	classes = {
	};
	objectVersion = 46;
	objects = {

/* Begin PBXBuildFile section */
		F2D4B31E1A9B5F3400B6FE15 /* main.m in Sources */ = {isa = PBXBuildFile; fileRef = F2D4B31D1A9B5F3400B6FE15 /* main.m */; };
		F2D4B3211A9B5F3400B6FE15 /* AppDelegate.m in Sources */ = {isa = PBXBuildFile; fileRef = F2D4B3201A9B5F3400B6FE15 /* AppDelegate.m */; };
		F2D4B3241A9B5F3400B6FE15 /* ViewController.m in Sources */ = {isa = PBXBuildFile; fileRef = F2D4B3231A9B5F3400B6FE15 /* ViewController.m */; };
		F2D4B3271A9B5F3400B6FE15 /* Main.storyboard in Resources */ = {isa = PBXBuildFile; fileRef = F2D4B3251A9B5F3400B6FE15 /* Main.storyboard */; };
		F2D4B3291A9B5F3400B6FE15 /* Images.xcassets in Resources */ = {isa = PBXBuildFile; fileRef = F2D4B3281A9B5F3400B6FE15 /* Images.xcassets */; };
		F2D4B32C1A9B5F3400B6FE15 /* LaunchScreen.xib in Resources */ = {isa = PBXBuildFile; fileRef = F2D4B32A1A9B5F3400B6FE15 /* LaunchScreen.xib */; };
		F2D4B3381A9B5F3400B6FE15 /* CameraDemoTests.m in Sources */ = {isa = PBXBuildFile; fileRef = F2D4B3371A9B5F3400B6FE15 /* CameraDemoTests.m */; };
/* End PBXBuildFile section */

/* Begin PBXContainerItemProxy section */
		F2D4B3321A9B5F3400B6FE15 /* PBXContainerItemProxy */ = {
			isa = PBXContainerItemProxy;
			containerPortal = F2D4B3101A9B5F3400B6FE15 /* Project object */;
			proxyType = 1;
			remoteGlobalIDString = F2D4B3171A9B5F3400B6FE15;
			remoteInfo = CameraDemo;
		};
/* End PBXContainerItemProxy section */

/* Begin PBXFileReference section */
		F2D4B3181A9B5F3400B6FE15 /* CameraDemo.app */ = {isa = PBXFileReference; explicitFileType = wrapper.application; includeInIndex = 0; path = CameraDemo.app; sourceTree = BUILT_PRODUCTS_DIR; };
		F2D4B31C1A9B5F3400B6FE15 /* Info.plist */ = {isa = PBXFileReference; lastKnownFileType = text.plist.xml; path = Info.plist; sourceTree = "<group>"; };
		F2D4B31D1A9B5F3400B6FE15 /* main.m */ = {isa = PBXFileReference; lastKnownFileType = sourcecode.c.objc; path = main.m; sourceTree = "<group>"; };
		F2D4B31F1A9B5F3400B6FE15 /* AppDelegate.h */ = {isa = PBXFileReference; lastKnownFileType = sourcecode.c.h; path = AppDelegate.h; sourceTree = "<group>"; };
		F2D4B3201A9B5F3400B6FE15 /* AppDelegate.m */ = {isa = PBXFileReference; lastKnownFileType = sourcecode.c.objc; path = AppDelegate.m; sourceTree = "<group>"; };
		F2D4B3221A9B5F3400B6FE15 /* ViewController.h */ = {isa = PBXFileReference; lastKnownFileType = sourcecode.c.h; path = ViewController.h; sourceTree = "<group>"; };
		F2D4B3231A9B5F3400B6FE15 /* ViewController.m */ = {isa = PBXFileReference; lastKnownFileType = sourcecode.c.objc; path = ViewController.m; sourceTree = "<group>"; };
		F2D4B3261A9B5F3400B6FE15 /* Base */ = {isa = PBXFileReference; lastKnownFileType = file.storyboard; name = Base; path = Base.lproj/Main.storyboard; sourceTree = "<group>"; };
		F2D4B3281A9B5F3400B6FE15 /* Images.xcassets */ = {isa = PBXFileReference; lastKnownFileType = folder.assetcatalog; path = Images.xcassets; sourceTree = "<group>"; };
		F2D4B32B1A9B5F3400B6FE15 /* Base */ = {isa = PBXFileReference; lastKnownFileType = file.xib; name = Base; path = Base.lproj/LaunchScreen.xib; sourceTree = "<group>"; };
		F2D4B3311A9B5F3400B6FE15 /* CameraDemoTests.xctest */ = {isa = PBXFileReference; explicitFileType = wrapper.cfbundle; includeInIndex = 0; path = CameraDemoTests.xctest; sourceTree = BUILT_PRODUCTS_DIR; };
		F2D4B3361A9B5F3400B6FE15 /* Info.plist */ = {isa = PBXFileReference; lastKnownFileType = text.plist.xml; path = Info.plist; sourceTree = "<group>"; };
		F2D4B3371A9B5F3400B6FE15 /* CameraDemoTests.m */ = {isa = PBXFileReference; lastKnownFileType = sourcecode.c.objc; path = CameraDemoTests.m; sourceTree = "<group>"; };
/* End PBXFileReference section */

/* Begin PBXFrameworksBuildPhase section */
		F2D4B3151A9B5F3400B6FE15 /* Frameworks */ = {
			isa = PBXFrameworksBuildPhase;
			buildActionMask = 2147483647;
			files = (
			);
			runOnlyForDeploymentPostprocessing = 0;
		};
		F2D4B32E1A9B5F3400B6FE15 /* Frameworks */ = {
			isa = PBXFrameworksBuildPhase;
			buildActionMask = 2147483647;
			files = (
			);
			runOnlyForDeploymentPostprocessing = 0;
		};
/* End PBXFrameworksBuildPhase section */

/* Begin PBXGroup section */
		F2D4B30F1A9B5F3400B6FE15 = {
			isa = PBXGroup;
			children = (
				F2D4B31A1A9B5F3400B6FE15 /* CameraDemo */,
				F2D4B3341A9B5F3400B6FE15 /* CameraDemoTests */,
				F2D4B3191A9B5F3400B6FE15 /* Products */,
			);
			sourceTree = "<group>";
		};
		F2D4B3191A9B5F3400B6FE15 /* Products */ = {
			isa = PBXGroup;
			children = (
				F2D4B3181A9B5F3400B6FE15 /* CameraDemo.app */,
				F2D4B3311A9B5F3400B6FE15 /* CameraDemoTests.xctest */,
			);
			name = Products;
			sourceTree = "<group>";
		};
		F2D4B31A1A9B5F3400B6FE15 /* CameraDemo */ = {
			isa = PBXGroup;
			children = (
				F2D4B31F1A9B5F3400B6FE15 /* AppDelegate.h */,
				F2D4B3201A9B5F3400B6FE15 /* AppDelegate.m */,
				F2D4B3221A9B5F3400B6FE15 /* ViewController.h */,
				F2D4B3231A9B5F3400B6FE15 /* ViewController.m */,
				F2D4B3251A9B5F3400B6FE15 /* Main.storyboard */,
				F2D4B3281A9B5F3400B6FE15 /* Images.xcassets */,
				F2D4B32A1A9B5F3400B6FE15 /* LaunchScreen.xib */,
				F2D4B31B1A9B5F3400B6FE15 /* Supporting Files */,
			);
			path = CameraDemo;
			sourceTree = "<group>";
		};
		F2D4B31B1A9B5F3400B6FE15 /* Supporting Files */ = {
			isa = PBXGroup;
			children = (
				F2D4B31C1A9B5F3400B6FE15 /* Info.plist */,
				F2D4B31D1A9B5F3400B6FE15 /* main.m */,
			);
			name = "Supporting Files";
			sourceTree = "<group>";
		};
		F2D4B3341A9B5F3400B6FE15 /* CameraDemoTests */ = {
			isa = PBXGroup;
			children = (
				F2D4B3371A9B5F3400B6FE15 /* CameraDemoTests.m */,
				F2D4B3351A9B5F3400B6FE15 /* Supporting Files */,
			);
			path = CameraDemoTests;
			sourceTree = "<group>";
		};
		F2D4B3351A9B5F3400B6FE15 /* Supporting Files */ = {
			isa = PBXGroup;
			children = (
				F2D4B3361A9B5F3400B6FE15 /* Info.plist */,
			);
			name = "Supporting Files";
			sourceTree = "<group>";
		};
/* End PBXGroup section */

/* Begin PBXNativeTarget section */
		F2D4B3171A9B5F3400B6FE15 /* CameraDemo */ = {
			isa = PBXNativeTarget;
			buildConfigurationList = F2D4B33B1A9B5F3400B6FE15 /* Build configuration list for PBXNativeTarget "CameraDemo" */;
			buildPhases = (
				F2D4B3141A9B5F3400B6FE15 /* Sources */,
				F2D4B3151A9B5F3400B6FE15 /* Frameworks */,
				F2D4B3161A9B5F3400B6FE15 /* Resources */,
			);
			buildRules = (
			);
			dependencies = (
			);
			name = CameraDemo;
			productName = CameraDemo;
			productReference = F2D4B3181A9B5F3400B6FE15 /* CameraDemo.app */;
			productType = "com.apple.product-type.application";
		};
		F2D4B3301A9B5F3400B6FE15 /* CameraDemoTests */ = {
			isa = PBXNativeTarget;
			buildConfigurationList = F2D4B33E1A9B5F3400B6FE15 /* Build configuration list for PBXNativeTarget "CameraDemoTests" */;
			buildPhases = (
				F2D4B32D1A9B5F3400B6FE15 /* Sources */,
				F2D4B32E1A9B5F3400B6FE15 /* Frameworks */,
				F2D4B32F1A9B5F3400B6FE15 /* Resources */,
			);
			buildRules = (
			);
			dependencies = (
				F2D4B3331A9B5F3400B6FE15 /* PBXTargetDependency */,
			);
			name = CameraDemoTests;
			productName = CameraDemoTests;
			productReference = F2D4B3311A9B5F3400B6FE15 /* CameraDemoTests.xctest */;
			productType = "com.apple.product-type.bundle.unit-test";
		};
/* End PBXNativeTarget section */

/* Begin PBXProject section */
		F2D4B3101A9B5F3400B6FE15 /* Project object */ = {
			isa = PBXProject;
			attributes = {
				LastUpgradeCheck = 0610;
				ORGANIZATIONNAME = "Vinita Miranda";
				TargetAttributes = {
					F2D4B3171A9B5F3400B6FE15 = {
						CreatedOnToolsVersion = 6.1.1;
					};
					F2D4B3301A9B5F3400B6FE15 = {
						CreatedOnToolsVersion = 6.1.1;
						TestTargetID = F2D4B3171A9B5F3400B6FE15;
					};
				};
			};
			buildConfigurationList = F2D4B3131A9B5F3400B6FE15 /* Build configuration list for PBXProject "CameraDemo" */;
			compatibilityVersion = "Xcode 3.2";
			developmentRegion = English;
			hasScannedForEncodings = 0;
			knownRegions = (
				en,
				Base,
			);
			mainGroup = F2D4B30F1A9B5F3400B6FE15;
			productRefGroup = F2D4B3191A9B5F3400B6FE15 /* Products */;
			projectDirPath = "";
			projectRoot = "";
			targets = (
				F2D4B3171A9B5F3400B6FE15 /* CameraDemo */,
				F2D4B3301A9B5F3400B6FE15 /* CameraDemoTests */,
			);
		};
/* End PBXProject section */

/* Begin PBXResourcesBuildPhase section */
		F2D4B3161A9B5F3400B6FE15 /* Resources */ = {
			isa = PBXResourcesBuildPhase;
			buildActionMask = 2147483647;
			files = (
				F2D4B3271A9B5F3400B6FE15 /* Main.storyboard in Resources */,
				F2D4B32C1A9B5F3400B6FE15 /* LaunchScreen.xib in Resources */,
				F2D4B3291A9B5F3400B6FE15 /* Images.xcassets in Resources */,
			);
			runOnlyForDeploymentPostprocessing = 0;
		};
		F2D4B32F1A9B5F3400B6FE15 /* Resources */ = {
			isa = PBXResourcesBuildPhase;
			buildActionMask = 2147483647;
			files = (
			);
			runOnlyForDeploymentPostprocessing = 0;
		};
/* End PBXResourcesBuildPhase section */

/* Begin PBXSourcesBuildPhase section */
		F2D4B3141A9B5F3400B6FE15 /* Sources */ = {
			isa = PBXSourcesBuildPhase;
			buildActionMask = 2147483647;
			files = (
				F2D4B3241A9B5F3400B6FE15 /* ViewController.m in Sources */,
				F2D4B3211A9B5F3400B6FE15 /* AppDelegate.m in Sources */,
				F2D4B31E1A9B5F3400B6FE15 /* main.m in Sources */,
			);
			runOnlyForDeploymentPostprocessing = 0;
		};
		F2D4B32D1A9B5F3400B6FE15 /* Sources */ = {
			isa = PBXSourcesBuildPhase;
			buildActionMask = 2147483647;
			files = (
				F2D4B3381A9B5F3400B6FE15 /* CameraDemoTests.m in Sources */,
			);
			runOnlyForDeploymentPostprocessing = 0;
		};
/* End PBXSourcesBuildPhase section */

/* Begin PBXTargetDependency section */
		F2D4B3331A9B5F3400B6FE15 /* PBXTargetDependency */ = {
			isa = PBXTargetDependency;
			target = F2D4B3171A9B5F3400B6FE15 /* CameraDemo */;
			targetProxy = F2D4B3321A9B5F3400B6FE15 /* PBXContainerItemProxy */;
		};
/* End PBXTargetDependency section */

/* Begin PBXVariantGroup section */
		F2D4B3251A9B5F3400B6FE15 /* Main.storyboard */ = {
			isa = PBXVariantGroup;
			children = (
				F2D4B3261A9B5F3400B6FE15 /* Base */,
			);
			name = Main.storyboard;
			sourceTree = "<group>";
		};
		F2D4B32A1A9B5F3400B6FE15 /* LaunchScreen.xib */ = {
			isa = PBXVariantGroup;
			children = (
				F2D4B32B1A9B5F3400B6FE15 /* Base */,
			);
			name = LaunchScreen.xib;
			sourceTree = "<group>";
		};
/* End PBXVariantGroup section */

/* Begin XCBuildConfiguration section */
		F2D4B3391A9B5F3400B6FE15 /* Debug */ = {
			isa = XCBuildConfiguration;
			buildSettings = {
				ALWAYS_SEARCH_USER_PATHS = NO;
				CLANG_CXX_LANGUAGE_STANDARD = "gnu++0x";
				CLANG_CXX_LIBRARY = "libc++";
				CLANG_ENABLE_MODULES = YES;
				CLANG_ENABLE_OBJC_ARC = YES;
				CLANG_WARN_BOOL_CONVERSION = YES;
				CLANG_WARN_CONSTANT_CONVERSION = YES;
				CLANG_WARN_DIRECT_OBJC_ISA_USAGE = YES_ERROR;
				CLANG_WARN_EMPTY_BODY = YES;
				CLANG_WARN_ENUM_CONVERSION = YES;
				CLANG_WARN_INT_CONVERSION = YES;
				CLANG_WARN_OBJC_ROOT_CLASS = YES_ERROR;
				CLANG_WARN_UNREACHABLE_CODE = YES;
				CLANG_WARN__DUPLICATE_METHOD_MATCH = YES;
				"CODE_SIGN_IDENTITY[sdk=iphoneos*]" = "iPhone Developer";
				COPY_PHASE_STRIP = NO;
				ENABLE_STRICT_OBJC_MSGSEND = YES;
				GCC_C_LANGUAGE_STANDARD = gnu99;
				GCC_DYNAMIC_NO_PIC = NO;
				GCC_OPTIMIZATION_LEVEL = 0;
				GCC_PREPROCESSOR_DEFINITIONS = (
					"DEBUG=1",
					"$(inherited)",
				);
				GCC_SYMBOLS_PRIVATE_EXTERN = NO;
				GCC_WARN_64_TO_32_BIT_CONVERSION = YES;
				GCC_WARN_ABOUT_RETURN_TYPE = YES_ERROR;
				GCC_WARN_UNDECLARED_SELECTOR = YES;
				GCC_WARN_UNINITIALIZED_AUTOS = YES_AGGRESSIVE;
				GCC_WARN_UNUSED_FUNCTION = YES;
				GCC_WARN_UNUSED_VARIABLE = YES;
				IPHONEOS_DEPLOYMENT_TARGET = 8.1;
				MTL_ENABLE_DEBUG_INFO = YES;
				ONLY_ACTIVE_ARCH = YES;
				SDKROOT = iphoneos;
				TARGETED_DEVICE_FAMILY = "1,2";
			};
			name = Debug;
		};
		F2D4B33A1A9B5F3400B6FE15 /* Release */ = {
			isa = XCBuildConfiguration;
			buildSettings = {
				ALWAYS_SEARCH_USER_PATHS = NO;
				CLANG_CXX_LANGUAGE_STANDARD = "gnu++0x";
				CLANG_CXX_LIBRARY = "libc++";
				CLANG_ENABLE_MODULES = YES;
				CLANG_ENABLE_OBJC_ARC = YES;
				CLANG_WARN_BOOL_CONVERSION = YES;
				CLANG_WARN_CONSTANT_CONVERSION = YES;
				CLANG_WARN_DIRECT_OBJC_ISA_USAGE = YES_ERROR;
				CLANG_WARN_EMPTY_BODY = YES;
				CLANG_WARN_ENUM_CONVERSION = YES;
				CLANG_WARN_INT_CONVERSION = YES;
				CLANG_WARN_OBJC_ROOT_CLASS = YES_ERROR;
				CLANG_WARN_UNREACHABLE_CODE = YES;
				CLANG_WARN__DUPLICATE_METHOD_MATCH = YES;
				"CODE_SIGN_IDENTITY[sdk=iphoneos*]" = "iPhone Developer";
				COPY_PHASE_STRIP = YES;
				ENABLE_NS_ASSERTIONS = NO;
				ENABLE_STRICT_OBJC_MSGSEND = YES;
				GCC_C_LANGUAGE_STANDARD = gnu99;
				GCC_WARN_64_TO_32_BIT_CONVERSION = YES;
				GCC_WARN_ABOUT_RETURN_TYPE = YES_ERROR;
				GCC_WARN_UNDECLARED_SELECTOR = YES;
				GCC_WARN_UNINITIALIZED_AUTOS = YES_AGGRESSIVE;
				GCC_WARN_UNUSED_FUNCTION = YES;
				GCC_WARN_UNUSED_VARIABLE = YES;
				IPHONEOS_DEPLOYMENT_TARGET = 8.1;
				MTL_ENABLE_DEBUG_INFO = NO;
				SDKROOT = iphoneos;
				TARGETED_DEVICE_FAMILY = "1,2";
				VALIDATE_PRODUCT = YES;
			};
			name = Release;
		};
		F2D4B33C1A9B5F3400B6FE15 /* Debug */ = {
			isa = XCBuildConfiguration;
			buildSettings = {
				ASSETCATALOG_COMPILER_APPICON_NAME = AppIcon;
				INFOPLIST_FILE = CameraDemo/Info.plist;
				LD_RUNPATH_SEARCH_PATHS = "$(inherited) @executable_path/Frameworks";
				PRODUCT_NAME = "$(TARGET_NAME)";
			};
			name = Debug;
		};
		F2D4B33D1A9B5F3400B6FE15 /* Release */ = {
			isa = XCBuildConfiguration;
			buildSettings = {
				ASSETCATALOG_COMPILER_APPICON_NAME = AppIcon;
				INFOPLIST_FILE = CameraDemo/Info.plist;
				LD_RUNPATH_SEARCH_PATHS = "$(inherited) @executable_path/Frameworks";
				PRODUCT_NAME = "$(TARGET_NAME)";
			};
			name = Release;
		};
		F2D4B33F1A9B5F3400B6FE15 /* Debug */ = {
			isa = XCBuildConfiguration;
			buildSettings = {
				BUNDLE_LOADER = "$(TEST_HOST)";
				FRAMEWORK_SEARCH_PATHS = (
					"$(SDKROOT)/Developer/Library/Frameworks",
					"$(inherited)",
				);
				GCC_PREPROCESSOR_DEFINITIONS = (
					"DEBUG=1",
					"$(inherited)",
				);
				INFOPLIST_FILE = CameraDemoTests/Info.plist;
				LD_RUNPATH_SEARCH_PATHS = "$(inherited) @executable_path/Frameworks @loader_path/Frameworks";
				PRODUCT_NAME = "$(TARGET_NAME)";
				TEST_HOST = "$(BUILT_PRODUCTS_DIR)/CameraDemo.app/CameraDemo";
			};
			name = Debug;
		};
		F2D4B3401A9B5F3400B6FE15 /* Release */ = {
			isa = XCBuildConfiguration;
			buildSettings = {
				BUNDLE_LOADER = "$(TEST_HOST)";
				FRAMEWORK_SEARCH_PATHS = (
					"$(SDKROOT)/Developer/Library/Frameworks",
					"$(inherited)",
				);
				INFOPLIST_FILE = CameraDemoTests/Info.plist;
				LD_RUNPATH_SEARCH_PATHS = "$(inherited) @executable_path/Frameworks @loader_path/Frameworks";
				PRODUCT_NAME = "$(TARGET_NAME)";
				TEST_HOST = "$(BUILT_PRODUCTS_DIR)/CameraDemo.app/CameraDemo";
			};
			name = Release;
		};
/* End XCBuildConfiguration section */

/* Begin XCConfigurationList section */
		F2D4B3131A9B5F3400B6FE15 /* Build configuration list for PBXProject "CameraDemo" */ = {
			isa = XCConfigurationList;
			buildConfigurations = (
				F2D4B3391A9B5F3400B6FE15 /* Debug */,
				F2D4B33A1A9B5F3400B6FE15 /* Release */,
			);
			defaultConfigurationIsVisible = 0;
			defaultConfigurationName = Release;
		};
		F2D4B33B1A9B5F3400B6FE15 /* Build configuration list for PBXNativeTarget "CameraDemo" */ = {
			isa = XCConfigurationList;
			buildConfigurations = (
				F2D4B33C1A9B5F3400B6FE15 /* Debug */,
				F2D4B33D1A9B5F3400B6FE15 /* Release */,
			);
			defaultConfigurationIsVisible = 0;
		};
		F2D4B33E1A9B5F3400B6FE15 /* Build configuration list for PBXNativeTarget "CameraDemoTests" */ = {
			isa = XCConfigurationList;
			buildConfigurations = (
				F2D4B33F1A9B5F3400B6FE15 /* Debug */,
				F2D4B3401A9B5F3400B6FE15 /* Release */,
			);
			defaultConfigurationIsVisible = 0;
		};
/* End XCConfigurationList section */
	};
	rootObject = F2D4B3101A9B5F3400B6FE15 /* Project object */;
}
